{
    "_meta": {
        "hash": {
            "sha256": "202d006c2c33287d1a5667341940c8ee2834986a5576459c4a1e5ee7052a68da"
        },
        "pipfile-spec": 6,
        "requires": {
            "python_version": "3.8"
        },
        "sources": [
            {
                "name": "pypi",
                "url": "https://pypi.org/simple",
                "verify_ssl": true
            }
        ]
    },
    "default": {
        "argon2-cffi": {
            "hashes": [
                "sha256:8c976986f2c5c0e5000919e6de187906cfd81fb1c72bf9d88c01177e77da7f80",
                "sha256:d384164d944190a7dd7ef22c6aa3ff197da12962bd04b17f64d4e93d934dba5b"
            ],
            "version": "==21.3.0"
        },
        "argon2-cffi-bindings": {
            "hashes": [
                "sha256:20ef543a89dee4db46a1a6e206cd015360e5a75822f76df533845c3cbaf72670",
                "sha256:2c3e3cc67fdb7d82c4718f19b4e7a87123caf8a93fde7e23cf66ac0337d3cb3f",
                "sha256:3b9ef65804859d335dc6b31582cad2c5166f0c3e7975f324d9ffaa34ee7e6583",
                "sha256:3e385d1c39c520c08b53d63300c3ecc28622f076f4c2b0e6d7e796e9f6502194",
                "sha256:58ed19212051f49a523abb1dbe954337dc82d947fb6e5a0da60f7c8471a8476c",
                "sha256:5e00316dabdaea0b2dd82d141cc66889ced0cdcbfa599e8b471cf22c620c329a",
                "sha256:603ca0aba86b1349b147cab91ae970c63118a0f30444d4bc80355937c950c082",
                "sha256:6a22ad9800121b71099d0fb0a65323810a15f2e292f2ba450810a7316e128ee5",
                "sha256:8cd69c07dd875537a824deec19f978e0f2078fdda07fd5c42ac29668dda5f40f",
                "sha256:93f9bf70084f97245ba10ee36575f0c3f1e7d7724d67d8e5b08e61787c320ed7",
                "sha256:9524464572e12979364b7d600abf96181d3541da11e23ddf565a32e70bd4dc0d",
                "sha256:b2ef1c30440dbbcba7a5dc3e319408b59676e2e039e2ae11a8775ecf482b192f",
                "sha256:b746dba803a79238e925d9046a63aa26bf86ab2a2fe74ce6b009a1c3f5c8f2ae",
                "sha256:bb89ceffa6c791807d1305ceb77dbfacc5aa499891d2c55661c6459651fc39e3",
                "sha256:bd46088725ef7f58b5a1ef7ca06647ebaf0eb4baff7d1d0d177c6cc8744abd86",
                "sha256:ccb949252cb2ab3a08c02024acb77cfb179492d5701c7cbdbfd776124d4d2367",
                "sha256:d4966ef5848d820776f5f562a7d45fdd70c2f330c961d0d745b784034bd9f48d",
                "sha256:e415e3f62c8d124ee16018e491a009937f8cf7ebf5eb430ffc5de21b900dad93",
                "sha256:ed2937d286e2ad0cc79a7087d3c272832865f779430e0cc2b4f3718d3159b0cb",
                "sha256:f1152ac548bd5b8bcecfb0b0371f082037e47128653df2e8ba6e914d384f3c3e",
                "sha256:f9f8b450ed0547e3d473fdc8612083fd08dd2120d6ac8f73828df9b7d45bb351"
            ],
            "markers": "python_version >= '3.6'",
            "version": "==21.2.0"
        },
        "asgiref": {
            "hashes": [
                "sha256:2f8abc20f7248433085eda803936d98992f1343ddb022065779f37c5da0181d0",
                "sha256:88d59c13d634dcffe0510be048210188edd79aeccb6a6c9028cdad6f31d730a9"
            ],
            "markers": "python_version >= '3.7'",
            "version": "==3.5.0"
        },
        "attrs": {
            "hashes": [
                "sha256:2d27e3784d7a565d36ab851fe94887c5eccd6a463168875832a1be79c82828b4",
                "sha256:626ba8234211db98e869df76230a137c4c40a12d72445c45d5f5b716f076e2fd"
            ],
            "markers": "python_version >= '2.7' and python_version not in '3.0, 3.1, 3.2, 3.3, 3.4'",
            "version": "==21.4.0"
        },
        "awsebcli": {
            "hashes": [
                "sha256:cb251e804f0b743568cdc699f6d9940c841af676ff367de7c4e1f8e72f8db3a2"
            ],
            "index": "pypi",
            "version": "==3.20.0"
        },
        "bcrypt": {
            "hashes": [
                "sha256:56e5da069a76470679f312a7d3d23deb3ac4519991a0361abc11da837087b61d",
                "sha256:5b93c1726e50a93a033c36e5ca7fdcd29a5c7395af50a6892f5d9e7c6cfbfb29",
                "sha256:63d4e3ff96188e5898779b6057878fecf3f11cfe6ec3b313ea09955d587ec7a7",
                "sha256:81fec756feff5b6818ea7ab031205e1d323d8943d237303baca2c5f9c7846f34",
                "sha256:a0584a92329210fcd75eb8a3250c5a941633f8bfaf2a18f81009b097732839b7",
                "sha256:a67fb841b35c28a59cebed05fbd3e80eea26e6d75851f0574a9273c80f3e9b55",
                "sha256:b589229207630484aefe5899122fb938a5b017b0f4349f769b8c13e78d99a8fd",
                "sha256:c95d4cbebffafcdd28bd28bb4e25b31c50f6da605c81ffd9ad8a3d1b2ab7b1b6",
                "sha256:cd1ea2ff3038509ea95f687256c46b79f5fc382ad0aa3664d200047546d511d1",
                "sha256:cdcdcb3972027f83fe24a48b1e90ea4b584d35f1cc279d76de6fc4b13376239d"
            ],
            "markers": "python_version >= '3.6'",
            "version": "==3.2.0"
        },
        "blessed": {
            "hashes": [
                "sha256:63b8554ae2e0e7f43749b6715c734cc8f3883010a809bf16790102563e6cf25b",
                "sha256:9a0d099695bf621d4680dd6c73f6ad547f6a3442fbdbe80c4b1daa1edbc492fc"
            ],
            "markers": "python_version >= '2.7'",
            "version": "==1.19.1"
        },
        "botocore": {
            "hashes": [
                "sha256:6d51de0981a3ef19da9e6a3c73b5ab427e3c0c8b92200ebd38d087299683dd2b",
                "sha256:d0b9b70b6eb5b65bb7162da2aaf04b6b086b15cc7ea322ddc3ef2f5e07944dcf"
            ],
            "markers": "python_version >= '2.7' and python_version not in '3.0, 3.1, 3.2, 3.3, 3.4, 3.5'",
            "version": "==1.20.112"
        },
        "cached-property": {
            "hashes": [
                "sha256:9fa5755838eecbb2d234c3aa390bd80fbd3ac6b6869109bfc1b499f7bd89a130",
                "sha256:df4f613cf7ad9a588cc381aaf4a512d26265ecebd5eb9e1ba12f1319eb85a6a0"
            ],
            "version": "==1.5.2"
        },
        "cement": {
            "hashes": [
                "sha256:8765ed052c061d74e4d0189addc33d268de544ca219b259d797741f725e422d2"
            ],
            "version": "==2.8.2"
        },
        "certifi": {
            "hashes": [
                "sha256:78884e7c1d4b00ce3cea67b44566851c4343c120abd683433ce934a68ea58872",
                "sha256:d62a0163eb4c2344ac042ab2bdf75399a71a2d8c7d47eac2e2ee91b9d6339569"
            ],
            "version": "==2021.10.8"
        },
        "cffi": {
            "hashes": [
                "sha256:00c878c90cb53ccfaae6b8bc18ad05d2036553e6d9d1d9dbcf323bbe83854ca3",
                "sha256:0104fb5ae2391d46a4cb082abdd5c69ea4eab79d8d44eaaf79f1b1fd806ee4c2",
                "sha256:06c48159c1abed75c2e721b1715c379fa3200c7784271b3c46df01383b593636",
                "sha256:0808014eb713677ec1292301ea4c81ad277b6cdf2fdd90fd540af98c0b101d20",
                "sha256:10dffb601ccfb65262a27233ac273d552ddc4d8ae1bf93b21c94b8511bffe728",
                "sha256:14cd121ea63ecdae71efa69c15c5543a4b5fbcd0bbe2aad864baca0063cecf27",
                "sha256:17771976e82e9f94976180f76468546834d22a7cc404b17c22df2a2c81db0c66",
                "sha256:181dee03b1170ff1969489acf1c26533710231c58f95534e3edac87fff06c443",
                "sha256:23cfe892bd5dd8941608f93348c0737e369e51c100d03718f108bf1add7bd6d0",
                "sha256:263cc3d821c4ab2213cbe8cd8b355a7f72a8324577dc865ef98487c1aeee2bc7",
                "sha256:2756c88cbb94231c7a147402476be2c4df2f6078099a6f4a480d239a8817ae39",
                "sha256:27c219baf94952ae9d50ec19651a687b826792055353d07648a5695413e0c605",
                "sha256:2a23af14f408d53d5e6cd4e3d9a24ff9e05906ad574822a10563efcef137979a",
                "sha256:31fb708d9d7c3f49a60f04cf5b119aeefe5644daba1cd2a0fe389b674fd1de37",
                "sha256:3415c89f9204ee60cd09b235810be700e993e343a408693e80ce7f6a40108029",
                "sha256:3773c4d81e6e818df2efbc7dd77325ca0dcb688116050fb2b3011218eda36139",
                "sha256:3b96a311ac60a3f6be21d2572e46ce67f09abcf4d09344c49274eb9e0bf345fc",
                "sha256:3f7d084648d77af029acb79a0ff49a0ad7e9d09057a9bf46596dac9514dc07df",
                "sha256:41d45de54cd277a7878919867c0f08b0cf817605e4eb94093e7516505d3c8d14",
                "sha256:4238e6dab5d6a8ba812de994bbb0a79bddbdf80994e4ce802b6f6f3142fcc880",
                "sha256:45db3a33139e9c8f7c09234b5784a5e33d31fd6907800b316decad50af323ff2",
                "sha256:45e8636704eacc432a206ac7345a5d3d2c62d95a507ec70d62f23cd91770482a",
                "sha256:4958391dbd6249d7ad855b9ca88fae690783a6be9e86df65865058ed81fc860e",
                "sha256:4a306fa632e8f0928956a41fa8e1d6243c71e7eb59ffbd165fc0b41e316b2474",
                "sha256:57e9ac9ccc3101fac9d6014fba037473e4358ef4e89f8e181f8951a2c0162024",
                "sha256:59888172256cac5629e60e72e86598027aca6bf01fa2465bdb676d37636573e8",
                "sha256:5e069f72d497312b24fcc02073d70cb989045d1c91cbd53979366077959933e0",
                "sha256:64d4ec9f448dfe041705426000cc13e34e6e5bb13736e9fd62e34a0b0c41566e",
                "sha256:6dc2737a3674b3e344847c8686cf29e500584ccad76204efea14f451d4cc669a",
                "sha256:74fdfdbfdc48d3f47148976f49fab3251e550a8720bebc99bf1483f5bfb5db3e",
                "sha256:75e4024375654472cc27e91cbe9eaa08567f7fbdf822638be2814ce059f58032",
                "sha256:786902fb9ba7433aae840e0ed609f45c7bcd4e225ebb9c753aa39725bb3e6ad6",
                "sha256:8b6c2ea03845c9f501ed1313e78de148cd3f6cad741a75d43a29b43da27f2e1e",
                "sha256:91d77d2a782be4274da750752bb1650a97bfd8f291022b379bb8e01c66b4e96b",
                "sha256:91ec59c33514b7c7559a6acda53bbfe1b283949c34fe7440bcf917f96ac0723e",
                "sha256:920f0d66a896c2d99f0adbb391f990a84091179542c205fa53ce5787aff87954",
                "sha256:a5263e363c27b653a90078143adb3d076c1a748ec9ecc78ea2fb916f9b861962",
                "sha256:abb9a20a72ac4e0fdb50dae135ba5e77880518e742077ced47eb1499e29a443c",
                "sha256:c2051981a968d7de9dd2d7b87bcb9c939c74a34626a6e2f8181455dd49ed69e4",
                "sha256:c21c9e3896c23007803a875460fb786118f0cdd4434359577ea25eb556e34c55",
                "sha256:c2502a1a03b6312837279c8c1bd3ebedf6c12c4228ddbad40912d671ccc8a962",
                "sha256:d4d692a89c5cf08a8557fdeb329b82e7bf609aadfaed6c0d79f5a449a3c7c023",
                "sha256:da5db4e883f1ce37f55c667e5c0de439df76ac4cb55964655906306918e7363c",
                "sha256:e7022a66d9b55e93e1a845d8c9eba2a1bebd4966cd8bfc25d9cd07d515b33fa6",
                "sha256:ef1f279350da2c586a69d32fc8733092fd32cc8ac95139a00377841f59a3f8d8",
                "sha256:f54a64f8b0c8ff0b64d18aa76675262e1700f3995182267998c31ae974fbc382",
                "sha256:f5c7150ad32ba43a07c4479f40241756145a1f03b43480e058cfd862bf5041c7",
                "sha256:f6f824dc3bce0edab5f427efcfb1d63ee75b6fcb7282900ccaf925be84efb0fc",
                "sha256:fd8a250edc26254fe5b33be00402e6d287f562b6a5b2152dec302fa15bb3e997",
                "sha256:ffaa5c925128e29efbde7301d8ecaf35c8c60ffbcd6a1ffd3a552177c8e5e796"
            ],
            "version": "==1.15.0"
        },
        "chardet": {
            "hashes": [
                "sha256:0d6f53a15db4120f2b08c94f11e7d93d2c911ee118b6b30a04ec3ee8310179fa",
                "sha256:f864054d66fd9118f2e67044ac8981a54775ec5b67aed0441892edb553d21da5"
            ],
            "markers": "python_version >= '2.7' and python_version not in '3.0, 3.1, 3.2, 3.3, 3.4'",
            "version": "==4.0.0"
        },
        "colorama": {
            "hashes": [
                "sha256:7d73d2a99753107a36ac6b455ee49046802e59d9d076ef8e47b61499fa29afff",
                "sha256:e96da0d330793e2cb9485e9ddfd918d456036c7149416295932478192f4436a1"
            ],
            "markers": "python_version >= '2.7' and python_version not in '3.0, 3.1, 3.2, 3.3, 3.4'",
            "version": "==0.4.3"
        },
        "cryptography": {
            "hashes": [
                "sha256:0a817b961b46894c5ca8a66b599c745b9a3d9f822725221f0e0fe49dc043a3a3",
                "sha256:2d87cdcb378d3cfed944dac30596da1968f88fb96d7fc34fdae30a99054b2e31",
                "sha256:30ee1eb3ebe1644d1c3f183d115a8c04e4e603ed6ce8e394ed39eea4a98469ac",
                "sha256:391432971a66cfaf94b21c24ab465a4cc3e8bf4a939c1ca5c3e3a6e0abebdbcf",
                "sha256:39bdf8e70eee6b1c7b289ec6e5d84d49a6bfa11f8b8646b5b3dfe41219153316",
                "sha256:4caa4b893d8fad33cf1964d3e51842cd78ba87401ab1d2e44556826df849a8ca",
                "sha256:53e5c1dc3d7a953de055d77bef2ff607ceef7a2aac0353b5d630ab67f7423638",
                "sha256:596f3cd67e1b950bc372c33f1a28a0692080625592ea6392987dba7f09f17a94",
                "sha256:5d59a9d55027a8b88fd9fd2826c4392bd487d74bf628bb9d39beecc62a644c12",
                "sha256:6c0c021f35b421ebf5976abf2daacc47e235f8b6082d3396a2fe3ccd537ab173",
                "sha256:73bc2d3f2444bcfeac67dd130ff2ea598ea5f20b40e36d19821b4df8c9c5037b",
                "sha256:74d6c7e80609c0f4c2434b97b80c7f8fdfaa072ca4baab7e239a15d6d70ed73a",
                "sha256:7be0eec337359c155df191d6ae00a5e8bbb63933883f4f5dffc439dac5348c3f",
                "sha256:94ae132f0e40fe48f310bba63f477f14a43116f05ddb69d6fa31e93f05848ae2",
                "sha256:bb5829d027ff82aa872d76158919045a7c1e91fbf241aec32cb07956e9ebd3c9",
                "sha256:ca238ceb7ba0bdf6ce88c1b74a87bffcee5afbfa1e41e173b1ceb095b39add46",
                "sha256:ca28641954f767f9822c24e927ad894d45d5a1e501767599647259cbf030b903",
                "sha256:e0344c14c9cb89e76eb6a060e67980c9e35b3f36691e15e1b7a9e58a0a6c6dc3",
                "sha256:ebc15b1c22e55c4d5566e3ca4db8689470a0ca2babef8e3a9ee057a8b82ce4b1",
                "sha256:ec63da4e7e4a5f924b90af42eddf20b698a70e58d86a72d943857c4c6045b3ee"
            ],
            "markers": "python_version >= '3.6'",
            "version": "==36.0.1"
        },
        "django": {
            "extras": [
                "argon2"
            ],
            "hashes": [
                "sha256:9772e6935703e59e993960832d66a614cf0233a1c5123bc6224ecc6ad69e41e2",
                "sha256:9b06c289f9ba3a8abea16c9c9505f25107809fb933676f6c891ded270039d965"
            ],
            "index": "pypi",
            "version": "==3.2.12"
        },
        "docker": {
            "extras": [
                "ssh"
            ],
            "hashes": [
                "sha256:d3393c878f575d3a9ca3b94471a3c89a6d960b35feb92f033c0de36cc9d934db",
                "sha256:f3607d5695be025fa405a12aca2e5df702a57db63790c73b927eb6a94aac60af"
            ],
            "markers": "python_version >= '2.7' and python_version not in '3.0, 3.1, 3.2, 3.3, 3.4'",
            "version": "==4.4.4"
        },
        "docker-compose": {
            "hashes": [
                "sha256:7a2eb6d8173fdf408e505e6f7d497ac0b777388719542be9e49a0efd477a50c6",
                "sha256:9d33520ae976f524968a64226516ec631dce09fba0974ce5366ad403e203eb5d"
            ],
            "markers": "python_version >= '2.7' and python_version not in '3.0, 3.1, 3.2, 3.3'",
            "version": "==1.25.5"
        },
        "dockerpty": {
            "hashes": [
                "sha256:69a9d69d573a0daa31bcd1c0774eeed5c15c295fe719c61aca550ed1393156ce"
            ],
            "version": "==0.4.1"
        },
        "docopt": {
            "hashes": [
                "sha256:49b3a825280bd66b3aa83585ef59c4a8c82f2c8a522dbe754a8bc8d08c85c491"
            ],
            "version": "==0.6.2"
        },
        "future": {
            "hashes": [
                "sha256:e39ced1ab767b5936646cedba8bcce582398233d6a627067d4c6a454c90cfedb"
            ],
            "version": "==0.16.0"
        },
        "idna": {
            "hashes": [
                "sha256:b307872f855b18632ce0c21c5e45be78c0ea7ae4c15c828c20788b26921eb3f6",
                "sha256:b97d804b1e9b523befed77c48dacec60e6dcb0b5391d57af6a65a312a90648c0"
            ],
            "markers": "python_version >= '2.7' and python_version not in '3.0, 3.1, 3.2, 3.3'",
            "version": "==2.10"
        },
        "jmespath": {
            "hashes": [
                "sha256:b85d0567b8666149a93172712e68920734333c0ce7e89b78b3e987f71e5ed4f9",
                "sha256:cdf6525904cc597730141d61b36f2e4b8ecc257c420fa2f4549bac2c2d0cb72f"
            ],
            "markers": "python_version >= '2.6' and python_version not in '3.0, 3.1, 3.2, 3.3'",
            "version": "==0.10.0"
        },
        "jsonschema": {
            "hashes": [
                "sha256:4e5b3cf8216f577bee9ce139cbe72eca3ea4f292ec60928ff24758ce626cd163",
                "sha256:c8a85b28d377cc7737e46e2d9f2b4f44ee3c0e1deac6bf46ddefc7187d30797a"
            ],
            "version": "==3.2.0"
        },
        "libsass": {
            "hashes": [
                "sha256:06c8776417fe930714bdc930a3d7e795ae3d72be6ac883ff72a1b8f7c49e5ffb",
                "sha256:12f39712de38689a8b785b7db41d3ba2ea1d46f9379d81ea4595802d91fa6529",
                "sha256:1e25dd9047a9392d3c59a0b869e0404f2b325a03871ee45285ee33b3664f5613",
                "sha256:659ae41af8708681fa3ec73f47b9735a6725e71c3b66ff570bfce78952f2314e",
                "sha256:6b984510ed94993708c0d697b4fef2d118929bbfffc3b90037be0f5ccadf55e7",
                "sha256:a005f298f64624f313a3ac618ab03f844c71d84ae4f4a4aec4b68d2a4ffe75eb",
                "sha256:abc29357ee540849faf1383e1746d40d69ed5cb6d4c346df276b258f5aa8977a",
                "sha256:c9ec490609752c1d81ff6290da33485aa7cb6d7365ac665b74464c1b7d97f7da",
                "sha256:d5ba529d9ce668be9380563279f3ffe988f27bc5b299c5a28453df2e0b0fbaf2",
                "sha256:e2b1a7d093f2e76dc694c17c0c285e846d0b0deb0e8b21dc852ba1a3a4e2f1d6"
            ],
            "index": "pypi",
            "version": "==0.21.0"
        },
        "mailchimp3": {
            "hashes": [
                "sha256:17acf89fe23e2268bc0176857b71af7f9a89bbcad227888149ff8aeb83966907",
                "sha256:f027871a6b39cd1ec667c4fa0388e6a45ccd93f2d34989515b5cd4030d53fd70"
            ],
            "index": "pypi",
            "version": "==3.0.14"
        },
        "paramiko": {
            "hashes": [
                "sha256:04097dbd96871691cdb34c13db1883066b8a13a0df2afd4cb0a92221f51c2603",
                "sha256:944a9e5dbdd413ab6c7951ea46b0ab40713235a9c4c5ca81cfe45c6f14fa677b"
            ],
            "version": "==2.9.2"
        },
        "pathspec": {
            "hashes": [
                "sha256:54a5eab895d89f342b52ba2bffe70930ef9f8d96e398cccf530d21fa0516a873"
            ],
            "version": "==0.5.9"
        },
        "pillow": {
            "hashes": [
                "sha256:011233e0c42a4a7836498e98c1acf5e744c96a67dd5032a6f666cc1fb97eab97",
                "sha256:0f29d831e2151e0b7b39981756d201f7108d3d215896212ffe2e992d06bfe049",
                "sha256:12875d118f21cf35604176872447cdb57b07126750a33748bac15e77f90f1f9c",
                "sha256:14d4b1341ac07ae07eb2cc682f459bec932a380c3b122f5540432d8977e64eae",
                "sha256:1c3c33ac69cf059bbb9d1a71eeaba76781b450bc307e2291f8a4764d779a6b28",
                "sha256:1d19397351f73a88904ad1aee421e800fe4bbcd1aeee6435fb62d0a05ccd1030",
                "sha256:253e8a302a96df6927310a9d44e6103055e8fb96a6822f8b7f514bb7ef77de56",
                "sha256:2632d0f846b7c7600edf53c48f8f9f1e13e62f66a6dbc15191029d950bfed976",
                "sha256:335ace1a22325395c4ea88e00ba3dc89ca029bd66bd5a3c382d53e44f0ccd77e",
                "sha256:413ce0bbf9fc6278b2d63309dfeefe452835e1c78398efb431bab0672fe9274e",
                "sha256:5100b45a4638e3c00e4d2320d3193bdabb2d75e79793af7c3eb139e4f569f16f",
                "sha256:514ceac913076feefbeaf89771fd6febde78b0c4c1b23aaeab082c41c694e81b",
                "sha256:528a2a692c65dd5cafc130de286030af251d2ee0483a5bf50c9348aefe834e8a",
                "sha256:6295f6763749b89c994fcb6d8a7f7ce03c3992e695f89f00b741b4580b199b7e",
                "sha256:6c8bc8238a7dfdaf7a75f5ec5a663f4173f8c367e5a39f87e720495e1eed75fa",
                "sha256:718856856ba31f14f13ba885ff13874be7fefc53984d2832458f12c38205f7f7",
                "sha256:7f7609a718b177bf171ac93cea9fd2ddc0e03e84d8fa4e887bdfc39671d46b00",
                "sha256:80ca33961ced9c63358056bd08403ff866512038883e74f3a4bf88ad3eb66838",
                "sha256:80fe64a6deb6fcfdf7b8386f2cf216d329be6f2781f7d90304351811fb591360",
                "sha256:81c4b81611e3a3cb30e59b0cf05b888c675f97e3adb2c8672c3154047980726b",
                "sha256:855c583f268edde09474b081e3ddcd5cf3b20c12f26e0d434e1386cc5d318e7a",
                "sha256:9bfdb82cdfeccec50aad441afc332faf8606dfa5e8efd18a6692b5d6e79f00fd",
                "sha256:a5d24e1d674dd9d72c66ad3ea9131322819ff86250b30dc5821cbafcfa0b96b4",
                "sha256:a9f44cd7e162ac6191491d7249cceb02b8116b0f7e847ee33f739d7cb1ea1f70",
                "sha256:b5b3f092fe345c03bca1e0b687dfbb39364b21ebb8ba90e3fa707374b7915204",
                "sha256:b9618823bd237c0d2575283f2939655f54d51b4527ec3972907a927acbcc5bfc",
                "sha256:cef9c85ccbe9bee00909758936ea841ef12035296c748aaceee535969e27d31b",
                "sha256:d21237d0cd37acded35154e29aec853e945950321dd2ffd1a7d86fe686814669",
                "sha256:d3c5c79ab7dfce6d88f1ba639b77e77a17ea33a01b07b99840d6ed08031cb2a7",
                "sha256:d9d7942b624b04b895cb95af03a23407f17646815495ce4547f0e60e0b06f58e",
                "sha256:db6d9fac65bd08cea7f3540b899977c6dee9edad959fa4eaf305940d9cbd861c",
                "sha256:ede5af4a2702444a832a800b8eb7f0a7a1c0eed55b644642e049c98d589e5092",
                "sha256:effb7749713d5317478bb3acb3f81d9d7c7f86726d41c1facca068a04cf5bb4c",
                "sha256:f154d173286a5d1863637a7dcd8c3437bb557520b01bddb0be0258dcb72696b5",
                "sha256:f25ed6e28ddf50de7e7ea99d7a976d6a9c415f03adcaac9c41ff6ff41b6d86ac"
            ],
            "index": "pypi",
            "version": "==9.0.1"
        },
        "psycopg2-binary": {
            "hashes": [
                "sha256:0b7dae87f0b729922e06f85f667de7bf16455d411971b2043bbd9577af9d1975",
                "sha256:0f2e04bd2a2ab54fa44ee67fe2d002bb90cee1c0f1cc0ebc3148af7b02034cbd",
                "sha256:123c3fb684e9abfc47218d3784c7b4c47c8587951ea4dd5bc38b6636ac57f616",
                "sha256:1473c0215b0613dd938db54a653f68251a45a78b05f6fc21af4326f40e8360a2",
                "sha256:14db1752acdd2187d99cb2ca0a1a6dfe57fc65c3281e0f20e597aac8d2a5bd90",
                "sha256:1e3a362790edc0a365385b1ac4cc0acc429a0c0d662d829a50b6ce743ae61b5a",
                "sha256:1e85b74cbbb3056e3656f1cc4781294df03383127a8114cbc6531e8b8367bf1e",
                "sha256:1f6ca4a9068f5c5c57e744b4baa79f40e83e3746875cac3c45467b16326bab45",
                "sha256:20f1ab44d8c352074e2d7ca67dc00843067788791be373e67a0911998787ce7d",
                "sha256:24b0b6688b9f31a911f2361fe818492650795c9e5d3a1bc647acbd7440142a4f",
                "sha256:2f62c207d1740b0bde5c4e949f857b044818f734a3d57f1d0d0edc65050532ed",
                "sha256:3242b9619de955ab44581a03a64bdd7d5e470cc4183e8fcadd85ab9d3756ce7a",
                "sha256:35c4310f8febe41f442d3c65066ca93cccefd75013df3d8c736c5b93ec288140",
                "sha256:4235f9d5ddcab0b8dbd723dca56ea2922b485ea00e1dafacf33b0c7e840b3d32",
                "sha256:542875f62bc56e91c6eac05a0deadeae20e1730be4c6334d8f04c944fcd99759",
                "sha256:5ced67f1e34e1a450cdb48eb53ca73b60aa0af21c46b9b35ac3e581cf9f00e31",
                "sha256:661509f51531ec125e52357a489ea3806640d0ca37d9dada461ffc69ee1e7b6e",
                "sha256:7360647ea04db2e7dff1648d1da825c8cf68dc5fbd80b8fb5b3ee9f068dcd21a",
                "sha256:736b8797b58febabb85494142c627bd182b50d2a7ec65322983e71065ad3034c",
                "sha256:8c13d72ed6af7fd2c8acbd95661cf9477f94e381fce0792c04981a8283b52917",
                "sha256:988b47ac70d204aed01589ed342303da7c4d84b56c2f4c4b8b00deda123372bf",
                "sha256:995fc41ebda5a7a663a254a1dcac52638c3e847f48307b5416ee373da15075d7",
                "sha256:a36c7eb6152ba5467fb264d73844877be8b0847874d4822b7cf2d3c0cb8cdcb0",
                "sha256:aed4a9a7e3221b3e252c39d0bf794c438dc5453bc2963e8befe9d4cd324dff72",
                "sha256:aef9aee84ec78af51107181d02fe8773b100b01c5dfde351184ad9223eab3698",
                "sha256:b0221ca5a9837e040ebf61f48899926b5783668b7807419e4adae8175a31f773",
                "sha256:b4d7679a08fea64573c969f6994a2631908bb2c0e69a7235648642f3d2e39a68",
                "sha256:c250a7ec489b652c892e4f0a5d122cc14c3780f9f643e1a326754aedf82d9a76",
                "sha256:ca86db5b561b894f9e5f115d6a159fff2a2570a652e07889d8a383b5fae66eb4",
                "sha256:cfc523edecddaef56f6740d7de1ce24a2fdf94fd5e704091856a201872e37f9f",
                "sha256:d92272c7c16e105788efe2cfa5d680f07e34e0c29b03c1908f8636f55d5f915a",
                "sha256:da113b70f6ec40e7d81b43d1b139b9db6a05727ab8be1ee559f3a69854a69d34",
                "sha256:ebccf1123e7ef66efc615a68295bf6fdba875a75d5bba10a05073202598085fc",
                "sha256:f6fac64a38f6768e7bc7b035b9e10d8a538a9fadce06b983fb3e6fa55ac5f5ce",
                "sha256:f8559617b1fcf59a9aedba2c9838b5b6aa211ffedecabca412b92a1ff75aac1a",
                "sha256:fbb42a541b1093385a2d8c7eec94d26d30437d0e77c1d25dae1dcc46741a385e"
            ],
            "index": "pypi",
            "version": "==2.9.1"
        },
        "pycparser": {
            "hashes": [
                "sha256:8ee45429555515e1f6b185e78100aea234072576aa43ab53aefcae078162fca9",
                "sha256:e644fdec12f7872f86c58ff790da456218b10f863970249516d60a5eaca77206"
            ],
            "markers": "python_version >= '2.7' and python_version not in '3.0, 3.1, 3.2, 3.3'",
            "version": "==2.21"
        },
        "pynacl": {
            "hashes": [
                "sha256:06b8f6fa7f5de8d5d2f7573fe8c863c051225a27b61e6860fd047b1775807858",
                "sha256:0c84947a22519e013607c9be43706dd42513f9e6ae5d39d3613ca1e142fba44d",
                "sha256:20f42270d27e1b6a29f54032090b972d97f0a1b0948cc52392041ef7831fee93",
                "sha256:401002a4aaa07c9414132aaed7f6836ff98f59277a234704ff66878c2ee4a0d1",
                "sha256:52cb72a79269189d4e0dc537556f4740f7f0a9ec41c1322598799b0bdad4ef92",
                "sha256:61f642bf2378713e2c2e1de73444a3778e5f0a38be6fee0fe532fe30060282ff",
                "sha256:8ac7448f09ab85811607bdd21ec2464495ac8b7c66d146bf545b0f08fb9220ba",
                "sha256:a36d4a9dda1f19ce6e03c9a784a2921a4b726b02e1c736600ca9c22029474394",
                "sha256:a422368fc821589c228f4c49438a368831cb5bbc0eab5ebe1d7fac9dded6567b",
                "sha256:e46dae94e34b085175f8abb3b0aaa7da40767865ac82c928eeb9e57e1ea8a543"
            ],
            "markers": "python_version >= '3.6'",
            "version": "==1.5.0"
        },
        "pyrsistent": {
            "hashes": [
                "sha256:0e3e1fcc45199df76053026a51cc59ab2ea3fc7c094c6627e93b7b44cdae2c8c",
                "sha256:1b34eedd6812bf4d33814fca1b66005805d3640ce53140ab8bbb1e2651b0d9bc",
                "sha256:4ed6784ceac462a7d6fcb7e9b663e93b9a6fb373b7f43594f9ff68875788e01e",
                "sha256:5d45866ececf4a5fff8742c25722da6d4c9e180daa7b405dc0a2a2790d668c26",
                "sha256:636ce2dc235046ccd3d8c56a7ad54e99d5c1cd0ef07d9ae847306c91d11b5fec",
                "sha256:6455fc599df93d1f60e1c5c4fe471499f08d190d57eca040c0ea182301321286",
                "sha256:6bc66318fb7ee012071b2792024564973ecc80e9522842eb4e17743604b5e045",
                "sha256:7bfe2388663fd18bd8ce7db2c91c7400bf3e1a9e8bd7d63bf7e77d39051b85ec",
                "sha256:7ec335fc998faa4febe75cc5268a9eac0478b3f681602c1f27befaf2a1abe1d8",
                "sha256:914474c9f1d93080338ace89cb2acee74f4f666fb0424896fcfb8d86058bf17c",
                "sha256:b568f35ad53a7b07ed9b1b2bae09eb15cdd671a5ba5d2c66caee40dbf91c68ca",
                "sha256:cdfd2c361b8a8e5d9499b9082b501c452ade8bbf42aef97ea04854f4a3f43b22",
                "sha256:d1b96547410f76078eaf66d282ddca2e4baae8964364abb4f4dcdde855cd123a",
                "sha256:d4d61f8b993a7255ba714df3aca52700f8125289f84f704cf80916517c46eb96",
                "sha256:d7a096646eab884bf8bed965bad63ea327e0d0c38989fc83c5ea7b8a87037bfc",
                "sha256:df46c854f490f81210870e509818b729db4488e1f30f2a1ce1698b2295a878d1",
                "sha256:e24a828f57e0c337c8d8bb9f6b12f09dfdf0273da25fda9e314f0b684b415a07",
                "sha256:e4f3149fd5eb9b285d6bfb54d2e5173f6a116fe19172686797c056672689daf6",
                "sha256:e92a52c166426efbe0d1ec1332ee9119b6d32fc1f0bbfd55d5c1088070e7fc1b",
                "sha256:f87cc2863ef33c709e237d4b5f4502a62a00fab450c9e020892e8e2ede5847f5",
                "sha256:fd8da6d0124efa2f67d86fa70c851022f87c98e205f0594e1fae044e7119a5a6"
            ],
            "markers": "python_version >= '3.7'",
            "version": "==0.18.1"
        },
        "python-dateutil": {
            "hashes": [
                "sha256:73ebfe9dbf22e832286dafa60473e4cd239f8592f699aa5adaf10050e6e1823c",
                "sha256:75bb3f31ea686f1197762692a9ee6a7550b59fc6ca3a1f4b5d7e32fb98e2da2a"
            ],
            "index": "pypi",
            "version": "==2.8.1"
        },
        "pytz": {
            "hashes": [
                "sha256:3672058bc3453457b622aab7a1c3bfd5ab0bdae451512f6cf25f64ed37f5b87c",
                "sha256:acad2d8b20a1af07d4e4c9d2e9285c5ed9104354062f275f3fcd88dcef4f1326"
            ],
            "version": "==2021.3"
        },
        "pyyaml": {
            "hashes": [
                "sha256:08682f6b72c722394747bddaf0aa62277e02557c0fd1c42cb853016a38f8dedf",
                "sha256:0f5f5786c0e09baddcd8b4b45f20a7b5d61a7e7e99846e3c799b05c7c53fa696",
                "sha256:129def1b7c1bf22faffd67b8f3724645203b79d8f4cc81f674654d9902cb4393",
                "sha256:294db365efa064d00b8d1ef65d8ea2c3426ac366c0c4368d930bf1c5fb497f77",
                "sha256:3b2b1824fe7112845700f815ff6a489360226a5609b96ec2190a45e62a9fc922",
                "sha256:3bd0e463264cf257d1ffd2e40223b197271046d09dadf73a0fe82b9c1fc385a5",
                "sha256:4465124ef1b18d9ace298060f4eccc64b0850899ac4ac53294547536533800c8",
                "sha256:49d4cdd9065b9b6e206d0595fee27a96b5dd22618e7520c33204a4a3239d5b10",
                "sha256:4e0583d24c881e14342eaf4ec5fbc97f934b999a6828693a99157fde912540cc",
                "sha256:5accb17103e43963b80e6f837831f38d314a0495500067cb25afab2e8d7a4018",
                "sha256:607774cbba28732bfa802b54baa7484215f530991055bb562efbed5b2f20a45e",
                "sha256:6c78645d400265a062508ae399b60b8c167bf003db364ecb26dcab2bda048253",
                "sha256:72a01f726a9c7851ca9bfad6fd09ca4e090a023c00945ea05ba1638c09dc3347",
                "sha256:74c1485f7707cf707a7aef42ef6322b8f97921bd89be2ab6317fd782c2d53183",
                "sha256:895f61ef02e8fed38159bb70f7e100e00f471eae2bc838cd0f4ebb21e28f8541",
                "sha256:8c1be557ee92a20f184922c7b6424e8ab6691788e6d86137c5d93c1a6ec1b8fb",
                "sha256:bb4191dfc9306777bc594117aee052446b3fa88737cd13b7188d0e7aa8162185",
                "sha256:bfb51918d4ff3d77c1c856a9699f8492c612cde32fd3bcd344af9be34999bfdc",
                "sha256:c20cfa2d49991c8b4147af39859b167664f2ad4561704ee74c1de03318e898db",
                "sha256:cb333c16912324fd5f769fff6bc5de372e9e7a202247b48870bc251ed40239aa",
                "sha256:d2d9808ea7b4af864f35ea216be506ecec180628aced0704e34aca0b040ffe46",
                "sha256:d483ad4e639292c90170eb6f7783ad19490e7a8defb3e46f97dfe4bacae89122",
                "sha256:dd5de0646207f053eb0d6c74ae45ba98c3395a571a2891858e87df7c9b9bd51b",
                "sha256:e1d4970ea66be07ae37a3c2e48b5ec63f7ba6804bdddfdbd3cfd954d25a82e63",
                "sha256:e4fac90784481d221a8e4b1162afa7c47ed953be40d31ab4629ae917510051df",
                "sha256:fa5ae20527d8e831e8230cbffd9f8fe952815b2b7dae6ffec25318803a7528fc",
                "sha256:fd7f6999a8070df521b6384004ef42833b9bd62cfee11a09bda1079b4b704247",
                "sha256:fdc842473cd33f45ff6bce46aea678a54e3d21f1b61a7750ce3c498eedfe25d6",
                "sha256:fe69978f3f768926cfa37b867e3843918e012cf83f680806599ddce33c2c68b0"
            ],
            "markers": "python_version >= '2.7' and python_version not in '3.0, 3.1, 3.2, 3.3, 3.4, 3.5'",
            "version": "==5.4.1"
        },
        "requests": {
            "hashes": [
                "sha256:27973dd4a904a4f13b263a19c866c13b92a39ed1c964655f025f3f8d3d75b804",
                "sha256:c210084e36a42ae6b9219e00e48287def368a26d03a048ddad7bfee44f75871e"
            ],
            "index": "pypi",
            "version": "==2.25.1"
        },
        "semantic-version": {
            "hashes": [
                "sha256:45e4b32ee9d6d70ba5f440ec8cc5221074c7f4b0e8918bdab748cc37912440a9",
                "sha256:d2cb2de0558762934679b9a104e82eca7af448c9f4974d1f3eeccff651df8a54"
            ],
            "markers": "python_version >= '2.7' and python_version not in '3.0, 3.1, 3.2, 3.3'",
            "version": "==2.8.5"
        },
        "setuptools": {
            "hashes": [
                "sha256:2347b2b432c891a863acadca2da9ac101eae6169b1d3dfee2ec605ecd50dbfe5",
                "sha256:e4f30b9f84e5ab3decf945113119649fec09c1fc3507c6ebffec75646c56e62b"
            ],
            "markers": "python_version >= '3.7'",
            "version": "==60.9.3"
        },
        "six": {
            "hashes": [
                "sha256:236bdbdce46e6e6a3d61a337c0f8b763ca1e8717c03b369e87a7ec7ce1319c0a",
                "sha256:8f3cd2e254d8f793e7f3d6d9df77b92252b52637291d0f0da013c76ea2724b6c"
            ],
            "markers": "python_version >= '2.7' and python_version not in '3.0, 3.1, 3.2, 3.3'",
            "version": "==1.14.0"
        },
        "sqlparse": {
            "hashes": [
                "sha256:0c00730c74263a94e5a9919ade150dfc3b19c574389985446148402998287dae",
                "sha256:48719e356bb8b42991bdbb1e8b83223757b93789c00910a616a071910ca4a64d"
            ],
            "markers": "python_version >= '3.5'",
            "version": "==0.4.2"
        },
        "stripe": {
            "hashes": [
                "sha256:15a2068dce84e9cc68a41b006286dc58ebe55a7999cdbd8bb1b1e5d2c4594c7f",
                "sha256:34829b528e652ffc919d40eff2ba78021149818bab76e33c07801382921cf6d5"
            ],
            "index": "pypi",
            "version": "==2.58.0"
        },
        "termcolor": {
            "hashes": [
                "sha256:1d6d69ce66211143803fbc56652b41d73b4a400a2891d7bf7a1cdf4c02de613b"
            ],
            "version": "==1.1.0"
        },
        "texttable": {
            "hashes": [
                "sha256:42ee7b9e15f7b225747c3fa08f43c5d6c83bc899f80ff9bae9319334824076e9",
                "sha256:dd2b0eaebb2a9e167d1cefedab4700e5dcbdb076114eed30b58b97ed6b37d6f2"
            ],
            "version": "==1.6.4"
        },
        "urllib3": {
            "hashes": [
                "sha256:8d7eaa5a82a1cac232164990f04874c594c9453ec55eef02eab885aa02fc17a2",
                "sha256:f5321fbe4bf3fefa0efd0bfe7fb14e90909eb62a48ccda331726b4319897dd5e"
            ],
            "markers": "python_version >= '2.7' and python_version not in '3.0, 3.1, 3.2, 3.3, 3.4' and python_version < '4'",
            "version": "==1.25.11"
        },
        "wcwidth": {
            "hashes": [
                "sha256:cafe2186b3c009a04067022ce1dcd79cb38d8d65ee4f4791b8888d6599d1bbe1",
                "sha256:ee73862862a156bf77ff92b09034fc4825dd3af9cf81bc5b360668d425f3c5f1"
            ],
            "version": "==0.1.9"
        },
        "websocket-client": {
            "hashes": [
                "sha256:2e50d26ca593f70aba7b13a489435ef88b8fc3b5c5643c1ce8808ff9b40f0b32",
                "sha256:d376bd60eace9d437ab6d7ee16f4ab4e821c9dae591e1b783c58ebd8aaf80c5c"
            ],
            "markers": "python_version >= '2.6' and python_version not in '3.0, 3.1, 3.2, 3.3'",
            "version": "==0.59.0"
        }
    },
    "develop": {
        "appdirs": {
            "hashes": [
                "sha256:7d5d0167b2b1ba821647616af46a749d1c653740dd0d2415100fe26e27afdf41",
                "sha256:a841dacd6b99318a741b166adb07e19ee71a274450e68237b4650ca1055ab128"
            ],
            "version": "==1.4.4"
        },
        "astroid": {
            "hashes": [
                "sha256:4db03ab5fc3340cf619dbc25e42c2cc3755154ce6009469766d7143d1fc2ee4e",
                "sha256:8a398dfce302c13f14bab13e2b14fe385d32b73f4e4853b9bdfb64598baa1975"
            ],
            "markers": "python_version ~= '3.6'",
            "version": "==2.5.6"
        },
        "black": {
            "hashes": [
                "sha256:dc132348a88d103016726fe360cb9ede02cecf99b76e3660ce6c596be132ce04",
                "sha256:dfb8c5a069012b2ab1e972e7b908f5fb42b6bbabcba0a788b86dc05067c7d9c7"
            ],
            "index": "pypi",
            "version": "==21.6b0"
        },
        "click": {
            "hashes": [
                "sha256:6a7a62563bbfabfda3a38f3023a1db4a35978c0abd76f6c9605ecd6554d6d9b1",
                "sha256:8458d7b1287c5fb128c90e23381cf99dcde74beaf6c7ff6384ce84d6fe090adb"
            ],
            "markers": "python_version >= '3.6'",
            "version": "==8.0.4"
        },
        "isort": {
            "hashes": [
                "sha256:6f62d78e2f89b4500b080fe3a81690850cd254227f27f75c3a0c491a1f351ba7",
                "sha256:e8443a5e7a020e9d7f97f1d7d9cd17c88bcb3bc7e218bf9cf5095fe550be2951"
            ],
            "markers": "python_version < '4.0' and python_full_version >= '3.6.1'",
            "version": "==5.10.1"
        },
        "lazy-object-proxy": {
            "hashes": [
                "sha256:043651b6cb706eee4f91854da4a089816a6606c1428fd391573ef8cb642ae4f7",
                "sha256:07fa44286cda977bd4803b656ffc1c9b7e3bc7dff7d34263446aec8f8c96f88a",
                "sha256:12f3bb77efe1367b2515f8cb4790a11cffae889148ad33adad07b9b55e0ab22c",
                "sha256:2052837718516a94940867e16b1bb10edb069ab475c3ad84fd1e1a6dd2c0fcfc",
                "sha256:2130db8ed69a48a3440103d4a520b89d8a9405f1b06e2cc81640509e8bf6548f",
                "sha256:39b0e26725c5023757fc1ab2a89ef9d7ab23b84f9251e28f9cc114d5b59c1b09",
                "sha256:46ff647e76f106bb444b4533bb4153c7370cdf52efc62ccfc1a28bdb3cc95442",
                "sha256:4dca6244e4121c74cc20542c2ca39e5c4a5027c81d112bfb893cf0790f96f57e",
                "sha256:553b0f0d8dbf21890dd66edd771f9b1b5f51bd912fa5f26de4449bfc5af5e029",
                "sha256:677ea950bef409b47e51e733283544ac3d660b709cfce7b187f5ace137960d61",
                "sha256:6a24357267aa976abab660b1d47a34aaf07259a0c3859a34e536f1ee6e76b5bb",
                "sha256:6a6e94c7b02641d1311228a102607ecd576f70734dc3d5e22610111aeacba8a0",
                "sha256:6aff3fe5de0831867092e017cf67e2750c6a1c7d88d84d2481bd84a2e019ec35",
                "sha256:6ecbb350991d6434e1388bee761ece3260e5228952b1f0c46ffc800eb313ff42",
                "sha256:7096a5e0c1115ec82641afbdd70451a144558ea5cf564a896294e346eb611be1",
                "sha256:70ed0c2b380eb6248abdef3cd425fc52f0abd92d2b07ce26359fcbc399f636ad",
                "sha256:8561da8b3dd22d696244d6d0d5330618c993a215070f473b699e00cf1f3f6443",
                "sha256:85b232e791f2229a4f55840ed54706110c80c0a210d076eee093f2b2e33e1bfd",
                "sha256:898322f8d078f2654d275124a8dd19b079080ae977033b713f677afcfc88e2b9",
                "sha256:8f3953eb575b45480db6568306893f0bd9d8dfeeebd46812aa09ca9579595148",
                "sha256:91ba172fc5b03978764d1df5144b4ba4ab13290d7bab7a50f12d8117f8630c38",
                "sha256:9d166602b525bf54ac994cf833c385bfcc341b364e3ee71e3bf5a1336e677b55",
                "sha256:a57d51ed2997e97f3b8e3500c984db50a554bb5db56c50b5dab1b41339b37e36",
                "sha256:b9e89b87c707dd769c4ea91f7a31538888aad05c116a59820f28d59b3ebfe25a",
                "sha256:bb8c5fd1684d60a9902c60ebe276da1f2281a318ca16c1d0a96db28f62e9166b",
                "sha256:c19814163728941bb871240d45c4c30d33b8a2e85972c44d4e63dd7107faba44",
                "sha256:c4ce15276a1a14549d7e81c243b887293904ad2d94ad767f42df91e75fd7b5b6",
                "sha256:c7a683c37a8a24f6428c28c561c80d5f4fd316ddcf0c7cab999b15ab3f5c5c69",
                "sha256:d609c75b986def706743cdebe5e47553f4a5a1da9c5ff66d76013ef396b5a8a4",
                "sha256:d66906d5785da8e0be7360912e99c9188b70f52c422f9fc18223347235691a84",
                "sha256:dd7ed7429dbb6c494aa9bc4e09d94b778a3579be699f9d67da7e6804c422d3de",
                "sha256:df2631f9d67259dc9620d831384ed7732a198eb434eadf69aea95ad18c587a28",
                "sha256:e368b7f7eac182a59ff1f81d5f3802161932a41dc1b1cc45c1f757dc876b5d2c",
                "sha256:e40f2013d96d30217a51eeb1db28c9ac41e9d0ee915ef9d00da639c5b63f01a1",
                "sha256:f769457a639403073968d118bc70110e7dce294688009f5c24ab78800ae56dc8",
                "sha256:fccdf7c2c5821a8cbd0a9440a456f5050492f2270bd54e94360cac663398739b",
                "sha256:fd45683c3caddf83abbb1249b653a266e7069a09f486daa8863fb0e7496a9fdb"
            ],
            "markers": "python_version >= '3.6'",
            "version": "==1.7.1"
        },
        "mccabe": {
            "hashes": [
                "sha256:ab8a6258860da4b6677da4bd2fe5dc2c659cff31b3ee4f7f5d64e79735b80d42",
                "sha256:dd8d182285a0fe56bace7f45b5e7d1a6ebcbf524e8f3bd87eb0f125271b8831f"
            ],
            "version": "==0.6.1"
        },
        "mypy-extensions": {
            "hashes": [
                "sha256:090fedd75945a69ae91ce1303b5824f428daf5a028d2f6ab8a299250a846f15d",
                "sha256:2d82818f5bb3e369420cb3c4060a7970edba416647068eb4c5343488a6c604a8"
            ],
            "version": "==0.4.3"
        },
        "pathspec": {
            "hashes": [
                "sha256:54a5eab895d89f342b52ba2bffe70930ef9f8d96e398cccf530d21fa0516a873"
            ],
            "version": "==0.5.9"
        },
        "pylint": {
            "hashes": [
                "sha256:0a049c5d47b629d9070c3932d13bff482b12119b6a241a93bc460b0be16953c8",
                "sha256:792b38ff30903884e4a9eab814ee3523731abd3c463f3ba48d7b627e87013484"
            ],
            "index": "pypi",
            "version": "==2.8.3"
        },
        "regex": {
            "hashes": [
                "sha256:0008650041531d0eadecc96a73d37c2dc4821cf51b0766e374cb4f1ddc4e1c14",
                "sha256:03299b0bcaa7824eb7c0ebd7ef1e3663302d1b533653bfe9dc7e595d453e2ae9",
                "sha256:06b1df01cf2aef3a9790858af524ae2588762c8a90e784ba00d003f045306204",
                "sha256:09b4b6ccc61d4119342b26246ddd5a04accdeebe36bdfe865ad87a0784efd77f",
                "sha256:0be0c34a39e5d04a62fd5342f0886d0e57592a4f4993b3f9d257c1f688b19737",
                "sha256:0d96eec8550fd2fd26f8e675f6d8b61b159482ad8ffa26991b894ed5ee19038b",
                "sha256:0eb0e2845e81bdea92b8281a3969632686502565abf4a0b9e4ab1471c863d8f3",
                "sha256:13bbf0c9453c6d16e5867bda7f6c0c7cff1decf96c5498318bb87f8136d2abd4",
                "sha256:17e51ad1e6131c496b58d317bc9abec71f44eb1957d32629d06013a21bc99cac",
                "sha256:1977bb64264815d3ef016625adc9df90e6d0e27e76260280c63eca993e3f455f",
                "sha256:1e30762ddddb22f7f14c4f59c34d3addabc789216d813b0f3e2788d7bcf0cf29",
                "sha256:1e73652057473ad3e6934944af090852a02590c349357b79182c1b681da2c772",
                "sha256:20e6a27959f162f979165e496add0d7d56d7038237092d1aba20b46de79158f1",
                "sha256:286ff9ec2709d56ae7517040be0d6c502642517ce9937ab6d89b1e7d0904f863",
                "sha256:297c42ede2c81f0cb6f34ea60b5cf6dc965d97fa6936c11fc3286019231f0d66",
                "sha256:320c2f4106962ecea0f33d8d31b985d3c185757c49c1fb735501515f963715ed",
                "sha256:35ed2f3c918a00b109157428abfc4e8d1ffabc37c8f9abc5939ebd1e95dabc47",
                "sha256:3d146e5591cb67c5e836229a04723a30af795ef9b70a0bbd913572e14b7b940f",
                "sha256:42bb37e2b2d25d958c25903f6125a41aaaa1ed49ca62c103331f24b8a459142f",
                "sha256:42d6007722d46bd2c95cce700181570b56edc0dcbadbfe7855ec26c3f2d7e008",
                "sha256:43eba5c46208deedec833663201752e865feddc840433285fbadee07b84b464d",
                "sha256:452519bc4c973e961b1620c815ea6dd8944a12d68e71002be5a7aff0a8361571",
                "sha256:4b9c16a807b17b17c4fa3a1d8c242467237be67ba92ad24ff51425329e7ae3d0",
                "sha256:5510932596a0f33399b7fff1bd61c59c977f2b8ee987b36539ba97eb3513584a",
                "sha256:55820bc631684172b9b56a991d217ec7c2e580d956591dc2144985113980f5a3",
                "sha256:57484d39447f94967e83e56db1b1108c68918c44ab519b8ecfc34b790ca52bf7",
                "sha256:58ba41e462653eaf68fc4a84ec4d350b26a98d030be1ab24aba1adcc78ffe447",
                "sha256:5bc5f921be39ccb65fdda741e04b2555917a4bced24b4df14eddc7569be3b493",
                "sha256:5dcc4168536c8f68654f014a3db49b6b4a26b226f735708be2054314ed4964f4",
                "sha256:5f92a7cdc6a0ae2abd184e8dfd6ef2279989d24c85d2c85d0423206284103ede",
                "sha256:67250b36edfa714ba62dc62d3f238e86db1065fccb538278804790f578253640",
                "sha256:6df070a986fc064d865c381aecf0aaff914178fdf6874da2f2387e82d93cc5bd",
                "sha256:729aa8ca624c42f309397c5fc9e21db90bf7e2fdd872461aabdbada33de9063c",
                "sha256:72bc3a5effa5974be6d965ed8301ac1e869bc18425c8a8fac179fbe7876e3aee",
                "sha256:74d86e8924835f863c34e646392ef39039405f6ce52956d8af16497af4064a30",
                "sha256:79e5af1ff258bc0fe0bdd6f69bc4ae33935a898e3cbefbbccf22e88a27fa053b",
                "sha256:7b103dffb9f6a47ed7ffdf352b78cfe058b1777617371226c1894e1be443afec",
                "sha256:83f03f0bd88c12e63ca2d024adeee75234d69808b341e88343b0232329e1f1a1",
                "sha256:86d7a68fa53688e1f612c3246044157117403c7ce19ebab7d02daf45bd63913e",
                "sha256:878c626cbca3b649e14e972c14539a01191d79e58934e3f3ef4a9e17f90277f8",
                "sha256:878f5d649ba1db9f52cc4ef491f7dba2d061cdc48dd444c54260eebc0b1729b9",
                "sha256:87bc01226cd288f0bd9a4f9f07bf6827134dc97a96c22e2d28628e824c8de231",
                "sha256:8babb2b5751105dc0aef2a2e539f4ba391e738c62038d8cb331c710f6b0f3da7",
                "sha256:91e0f7e7be77250b808a5f46d90bf0032527d3c032b2131b63dee54753a4d729",
                "sha256:9557545c10d52c845f270b665b52a6a972884725aa5cf12777374e18f2ea8960",
                "sha256:9ccb0a4ab926016867260c24c192d9df9586e834f5db83dfa2c8fffb3a6e5056",
                "sha256:9d828c5987d543d052b53c579a01a52d96b86f937b1777bbfe11ef2728929357",
                "sha256:9efa41d1527b366c88f265a227b20bcec65bda879962e3fc8a2aee11e81266d7",
                "sha256:aaf5317c961d93c1a200b9370fb1c6b6836cc7144fef3e5a951326912bf1f5a3",
                "sha256:ab69b4fe09e296261377d209068d52402fb85ef89dc78a9ac4a29a895f4e24a7",
                "sha256:ad397bc7d51d69cb07ef89e44243f971a04ce1dca9bf24c992c362406c0c6573",
                "sha256:ae17fc8103f3b63345709d3e9654a274eee1c6072592aec32b026efd401931d0",
                "sha256:af4d8cc28e4c7a2f6a9fed544228c567340f8258b6d7ea815b62a72817bbd178",
                "sha256:b22ff939a8856a44f4822da38ef4868bd3a9ade22bb6d9062b36957c850e404f",
                "sha256:b549d851f91a4efb3e65498bd4249b1447ab6035a9972f7fc215eb1f59328834",
                "sha256:be319f4eb400ee567b722e9ea63d5b2bb31464e3cf1b016502e3ee2de4f86f5c",
                "sha256:c0446b2871335d5a5e9fcf1462f954586b09a845832263db95059dcd01442015",
                "sha256:c68d2c04f7701a418ec2e5631b7f3552efc32f6bcc1739369c6eeb1af55f62e0",
                "sha256:c87ac58b9baaf50b6c1b81a18d20eda7e2883aa9a4fb4f1ca70f2e443bfcdc57",
                "sha256:caa2734ada16a44ae57b229d45091f06e30a9a52ace76d7574546ab23008c635",
                "sha256:cb34c2d66355fb70ae47b5595aafd7218e59bb9c00ad8cc3abd1406ca5874f07",
                "sha256:cb3652bbe6720786b9137862205986f3ae54a09dec8499a995ed58292bdf77c2",
                "sha256:cf668f26604e9f7aee9f8eaae4ca07a948168af90b96be97a4b7fa902a6d2ac1",
                "sha256:d326ff80ed531bf2507cba93011c30fff2dd51454c85f55df0f59f2030b1687b",
                "sha256:d6c2441538e4fadd4291c8420853431a229fcbefc1bf521810fbc2629d8ae8c2",
                "sha256:d6ecfd1970b3380a569d7b3ecc5dd70dba295897418ed9e31ec3c16a5ab099a5",
                "sha256:e5602a9b5074dcacc113bba4d2f011d2748f50e3201c8139ac5b68cf2a76bd8b",
                "sha256:ef806f684f17dbd6263d72a54ad4073af42b42effa3eb42b877e750c24c76f86",
                "sha256:f3356afbb301ec34a500b8ba8b47cba0b44ed4641c306e1dd981a08b416170b5",
                "sha256:f6f7ee2289176cb1d2c59a24f50900f8b9580259fa9f1a739432242e7d254f93",
                "sha256:f7e8f1ee28e0a05831c92dc1c0c1c94af5289963b7cf09eca5b5e3ce4f8c91b0",
                "sha256:f8169ec628880bdbca67082a9196e2106060a4a5cbd486ac51881a4df805a36f",
                "sha256:fbc88d3ba402b5d041d204ec2449c4078898f89c4a6e6f0ed1c1a510ef1e221d",
                "sha256:fbd3fe37353c62fd0eb19fb76f78aa693716262bcd5f9c14bb9e5aca4b3f0dc4"
            ],
            "markers": "python_version >= '3.6'",
            "version": "==2022.3.2"
        },
        "toml": {
            "hashes": [
                "sha256:806143ae5bfb6a3c6e736a764057db0e6a0e05e338b5630894a5f779cabb4f9b",
                "sha256:b3bda1d108d5dd99f4a20d24d9c348e91c4db7ab1b749200bded2f839ccbe68f"
            ],
            "markers": "python_version >= '2.6' and python_version not in '3.0, 3.1, 3.2, 3.3'",
            "version": "==0.10.2"
        },
        "wrapt": {
            "hashes": [
                "sha256:b62ffa81fb85f4332a4f609cab4ac40709470da05643a082ec1eb88e6d9b97d7"
            ],
            "version": "==1.12.1"
        }
    }
}
