{
    "_meta": {
        "hash": {
            "sha256": "202d006c2c33287d1a5667341940c8ee2834986a5576459c4a1e5ee7052a68da"
        },
        "pipfile-spec": 6,
        "requires": {
            "python_version": "3.8"
        },
        "sources": [
            {
                "name": "pypi",
                "url": "https://pypi.org/simple",
                "verify_ssl": true
            }
        ]
    },
    "default": {
        "argon2-cffi": {
            "hashes": [
                "sha256:05a8ac07c7026542377e38389638a8a1e9b78f1cd8439cd7493b39f08dd75fbf",
                "sha256:0bf066bc049332489bb2d75f69216416329d9dc65deee127152caeb16e5ce7d5",
                "sha256:18dee20e25e4be86680b178b35ccfc5d495ebd5792cd00781548d50880fee5c5",
                "sha256:392c3c2ef91d12da510cfb6f9bae52512a4552573a9e27600bdb800e05905d2b",
                "sha256:57358570592c46c420300ec94f2ff3b32cbccd10d38bdc12dc6979c4a8484fbc",
                "sha256:6678bb047373f52bcff02db8afab0d2a77d83bde61cfecea7c5c62e2335cb203",
                "sha256:6ea92c980586931a816d61e4faf6c192b4abce89aa767ff6581e6ddc985ed003",
                "sha256:77e909cc756ef81d6abb60524d259d959bab384832f0c651ed7dcb6e5ccdbb78",
                "sha256:7d455c802727710e9dfa69b74ccaab04568386ca17b0ad36350b622cd34606fe",
                "sha256:9bee3212ba4f560af397b6d7146848c32a800652301843df06b9e8f68f0f7361",
                "sha256:9dfd5197852530294ecb5795c97a823839258dfd5eb9420233c7cfedec2058f2",
                "sha256:b160416adc0f012fb1f12588a5e6954889510f82f698e23ed4f4fa57f12a0647",
                "sha256:ba7209b608945b889457f949cc04c8e762bed4fe3fec88ae9a6b7765ae82e496",
                "sha256:cc0e028b209a5483b6846053d5fd7165f460a1f14774d79e632e75e7ae64b82b",
                "sha256:d8029b2d3e4b4cea770e9e5a0104dd8fa185c1724a0f01528ae4826a6d25f97d",
                "sha256:da7f0445b71db6d3a72462e04f36544b0de871289b0bc8a7cc87c0f5ec7079fa"
            ],
            "version": "==20.1.0"
        },
        "asgiref": {
            "hashes": [
                "sha256:7e51911ee147dd685c3c8b805c0ad0cb58d360987b56953878f8c06d2d1c6f1a",
                "sha256:9fc6fb5d39b8af147ba40765234fa822b39818b12cc80b35ad9b0cef3a476aed"
            ],
            "version": "==3.2.10"
        },
        "attrs": {
            "hashes": [
                "sha256:26b54ddbbb9ee1d34d5d3668dd37d6cf74990ab23c828c2888dccdceee395594",
                "sha256:fce7fc47dfc976152e82d53ff92fa0407700c21acd20886a13777a0d20e655dc"
            ],
            "version": "==20.2.0"
        },
        "awsebcli": {
            "hashes": [
                "sha256:70c247f9d54b8071d7550127e665a42a837f72812c5a1749ddb17104fbdba8db"
            ],
            "index": "pypi",
            "version": "==3.18.2"
        },
        "bcrypt": {
            "hashes": [
                "sha256:5b93c1726e50a93a033c36e5ca7fdcd29a5c7395af50a6892f5d9e7c6cfbfb29",
                "sha256:63d4e3ff96188e5898779b6057878fecf3f11cfe6ec3b313ea09955d587ec7a7",
                "sha256:81fec756feff5b6818ea7ab031205e1d323d8943d237303baca2c5f9c7846f34",
                "sha256:a67fb841b35c28a59cebed05fbd3e80eea26e6d75851f0574a9273c80f3e9b55",
                "sha256:c95d4cbebffafcdd28bd28bb4e25b31c50f6da605c81ffd9ad8a3d1b2ab7b1b6",
                "sha256:cd1ea2ff3038509ea95f687256c46b79f5fc382ad0aa3664d200047546d511d1",
                "sha256:cdcdcb3972027f83fe24a48b1e90ea4b584d35f1cc279d76de6fc4b13376239d"
            ],
            "version": "==3.2.0"
        },
        "blessed": {
            "hashes": [
                "sha256:7d4914079a6e8e14fbe080dcaf14dee596a088057cdc598561080e3266123b48",
                "sha256:81125aa5b84cb9dfc09ff451886f64b4b923b75c5eaf51fde9d1c48a135eb797"
            ],
            "version": "==1.17.11"
        },
        "botocore": {
            "hashes": [
                "sha256:a474131ba7a7d700b91696a27e8cdcf1b473084addf92f90b269ebd8f5c3d3e0",
                "sha256:b805691b4dedcb2a252f52347479ff351429624a873f001b6a1c81aca03dccee"
            ],
            "version": "==1.15.49"
        },
        "cached-property": {
            "hashes": [
                "sha256:9fa5755838eecbb2d234c3aa390bd80fbd3ac6b6869109bfc1b499f7bd89a130",
                "sha256:df4f613cf7ad9a588cc381aaf4a512d26265ecebd5eb9e1ba12f1319eb85a6a0"
            ],
            "version": "==1.5.2"
        },
        "cement": {
            "hashes": [
                "sha256:8765ed052c061d74e4d0189addc33d268de544ca219b259d797741f725e422d2"
            ],
            "version": "==2.8.2"
        },
        "certifi": {
            "hashes": [
                "sha256:5930595817496dd21bb8dc35dad090f1c2cd0adfaf21204bf6732ca5d8ee34d3",
                "sha256:8fc0819f1f30ba15bdb34cceffb9ef04d99f420f68eb75d901e9560b8749fc41"
            ],
            "version": "==2020.6.20"
        },
        "cffi": {
            "hashes": [
                "sha256:005f2bfe11b6745d726dbb07ace4d53f057de66e336ff92d61b8c7e9c8f4777d",
                "sha256:09e96138280241bd355cd585148dec04dbbedb4f46128f340d696eaafc82dd7b",
                "sha256:0b1ad452cc824665ddc682400b62c9e4f5b64736a2ba99110712fdee5f2505c4",
                "sha256:0ef488305fdce2580c8b2708f22d7785ae222d9825d3094ab073e22e93dfe51f",
                "sha256:15f351bed09897fbda218e4db5a3d5c06328862f6198d4fb385f3e14e19decb3",
                "sha256:22399ff4870fb4c7ef19fff6eeb20a8bbf15571913c181c78cb361024d574579",
                "sha256:23e5d2040367322824605bc29ae8ee9175200b92cb5483ac7d466927a9b3d537",
                "sha256:2791f68edc5749024b4722500e86303a10d342527e1e3bcac47f35fbd25b764e",
                "sha256:2f9674623ca39c9ebe38afa3da402e9326c245f0f5ceff0623dccdac15023e05",
                "sha256:3363e77a6176afb8823b6e06db78c46dbc4c7813b00a41300a4873b6ba63b171",
                "sha256:33c6cdc071ba5cd6d96769c8969a0531be2d08c2628a0143a10a7dcffa9719ca",
                "sha256:3b8eaf915ddc0709779889c472e553f0d3e8b7bdf62dab764c8921b09bf94522",
                "sha256:3cb3e1b9ec43256c4e0f8d2837267a70b0e1ca8c4f456685508ae6106b1f504c",
                "sha256:3eeeb0405fd145e714f7633a5173318bd88d8bbfc3dd0a5751f8c4f70ae629bc",
                "sha256:44f60519595eaca110f248e5017363d751b12782a6f2bd6a7041cba275215f5d",
                "sha256:4d7c26bfc1ea9f92084a1d75e11999e97b62d63128bcc90c3624d07813c52808",
                "sha256:529c4ed2e10437c205f38f3691a68be66c39197d01062618c55f74294a4a4828",
                "sha256:6642f15ad963b5092d65aed022d033c77763515fdc07095208f15d3563003869",
                "sha256:85ba797e1de5b48aa5a8427b6ba62cf69607c18c5d4eb747604b7302f1ec382d",
                "sha256:8f0f1e499e4000c4c347a124fa6a27d37608ced4fe9f7d45070563b7c4c370c9",
                "sha256:a624fae282e81ad2e4871bdb767e2c914d0539708c0f078b5b355258293c98b0",
                "sha256:b0358e6fefc74a16f745afa366acc89f979040e0cbc4eec55ab26ad1f6a9bfbc",
                "sha256:bbd2f4dfee1079f76943767fce837ade3087b578aeb9f69aec7857d5bf25db15",
                "sha256:bf39a9e19ce7298f1bd6a9758fa99707e9e5b1ebe5e90f2c3913a47bc548747c",
                "sha256:c11579638288e53fc94ad60022ff1b67865363e730ee41ad5e6f0a17188b327a",
                "sha256:c150eaa3dadbb2b5339675b88d4573c1be3cb6f2c33a6c83387e10cc0bf05bd3",
                "sha256:c53af463f4a40de78c58b8b2710ade243c81cbca641e34debf3396a9640d6ec1",
                "sha256:cb763ceceae04803adcc4e2d80d611ef201c73da32d8f2722e9d0ab0c7f10768",
                "sha256:cc75f58cdaf043fe6a7a6c04b3b5a0e694c6a9e24050967747251fb80d7bce0d",
                "sha256:d80998ed59176e8cba74028762fbd9b9153b9afc71ea118e63bbf5d4d0f9552b",
                "sha256:de31b5164d44ef4943db155b3e8e17929707cac1e5bd2f363e67a56e3af4af6e",
                "sha256:e66399cf0fc07de4dce4f588fc25bfe84a6d1285cc544e67987d22663393926d",
                "sha256:f0620511387790860b249b9241c2f13c3a80e21a73e0b861a2df24e9d6f56730",
                "sha256:f4eae045e6ab2bb54ca279733fe4eb85f1effda392666308250714e01907f394",
                "sha256:f92cdecb618e5fa4658aeb97d5eb3d2f47aa94ac6477c6daf0f306c5a3b9e6b1",
                "sha256:f92f789e4f9241cd262ad7a555ca2c648a98178a953af117ef7fad46aa1d5591"
            ],
            "version": "==1.14.3"
        },
        "chardet": {
            "hashes": [
                "sha256:84ab92ed1c4d4f16916e05906b6b75a6c0fb5db821cc65e70cbd64a3e2a5eaae",
                "sha256:fc323ffcaeaed0e0a02bf4d117757b98aed530d9ed4531e3e15460124c106691"
            ],
            "version": "==3.0.4"
        },
        "colorama": {
            "hashes": [
                "sha256:5941b2b48a20143d2267e95b1c2a7603ce057ee39fd88e7329b0c292aa16869b",
                "sha256:9f47eda37229f68eee03b24b9748937c7dc3868f906e8ba69fbcbdd3bc5dc3e2"
            ],
            "version": "==0.4.4"
        },
        "cryptography": {
            "hashes": [
                "sha256:22f8251f68953553af4f9c11ec5f191198bc96cff9f0ac5dd5ff94daede0ee6d",
                "sha256:284e275e3c099a80831f9898fb5c9559120d27675c3521278faba54e584a7832",
                "sha256:3e17d02941c0f169c5b877597ca8be895fca0e5e3eb882526a74aa4804380a98",
                "sha256:52a47e60953679eea0b4d490ca3c241fb1b166a7b161847ef4667dfd49e7699d",
                "sha256:57b8c1ed13b8aa386cabbfde3be175d7b155682470b0e259fecfe53850967f8a",
                "sha256:6a8f64ed096d13f92d1f601a92d9fd1f1025dc73a2ca1ced46dcf5e0d4930943",
                "sha256:6e8a3c7c45101a7eeee93102500e1b08f2307c717ff553fcb3c1127efc9b6917",
                "sha256:7ef41304bf978f33cfb6f43ca13bb0faac0c99cda33693aa20ad4f5e34e8cb8f",
                "sha256:87c2fffd61e934bc0e2c927c3764c20b22d7f5f7f812ee1a477de4c89b044ca6",
                "sha256:88069392cd9a1e68d2cfd5c3a2b0d72a44ef3b24b8977a4f7956e9e3c4c9477a",
                "sha256:8a0866891326d3badb17c5fd3e02c926b635e8923fa271b4813cd4d972a57ff3",
                "sha256:8f0fd8b0751d75c4483c534b209e39e918f0d14232c0d8a2a76e687f64ced831",
                "sha256:9a07e6d255053674506091d63ab4270a119e9fc83462c7ab1dbcb495b76307af",
                "sha256:9a8580c9afcdcddabbd064c0a74f337af74ff4529cdf3a12fa2e9782d677a2e5",
                "sha256:bd80bc156d3729b38cb227a5a76532aef693b7ac9e395eea8063ee50ceed46a5",
                "sha256:d1cbc3426e6150583b22b517ef3720036d7e3152d428c864ff0f3fcad2b97591",
                "sha256:e15ac84dcdb89f92424cbaca4b0b34e211e7ce3ee7b0ec0e4f3c55cee65fae5a",
                "sha256:e4789b84f8dedf190148441f7c5bfe7244782d9cbb194a36e17b91e7d3e1cca9",
                "sha256:f01c9116bfb3ad2831e125a73dcd957d173d6ddca7701528eff1e7d97972872c",
                "sha256:f0e3986f6cce007216b23c490f093f35ce2068f3c244051e559f647f6731b7ae",
                "sha256:f2aa3f8ba9e2e3fd49bd3de743b976ab192fbf0eb0348cebde5d2a9de0090a9f",
                "sha256:fb70a4cedd69dc52396ee114416a3656e011fb0311fca55eb55c7be6ed9c8aef"
            ],
            "index": "pypi",
            "version": "==3.2"
        },
        "django": {
            "extras": [
                "argon2"
            ],
            "hashes": [
                "sha256:1a63f5bb6ff4d7c42f62a519edc2adbb37f9b78068a5a862beff858b68e3dc8b",
                "sha256:2d390268a13c655c97e0e2ede9d117007996db692c1bb93eabebd4fb7ea7012b"
            ],
            "index": "pypi",
            "version": "==3.1"
        },
        "docker": {
            "extras": [
                "ssh"
            ],
            "hashes": [
                "sha256:13966471e8bc23b36bfb3a6fb4ab75043a5ef1dac86516274777576bed3b9828",
                "sha256:bad94b8dd001a8a4af19ce4becc17f41b09f228173ffe6a4e0355389eef142f2"
            ],
            "version": "==4.3.1"
        },
        "docker-compose": {
            "hashes": [
                "sha256:7a2eb6d8173fdf408e505e6f7d497ac0b777388719542be9e49a0efd477a50c6",
                "sha256:9d33520ae976f524968a64226516ec631dce09fba0974ce5366ad403e203eb5d"
            ],
            "version": "==1.25.5"
        },
        "dockerpty": {
            "hashes": [
                "sha256:69a9d69d573a0daa31bcd1c0774eeed5c15c295fe719c61aca550ed1393156ce"
            ],
            "version": "==0.4.1"
        },
        "docopt": {
            "hashes": [
                "sha256:49b3a825280bd66b3aa83585ef59c4a8c82f2c8a522dbe754a8bc8d08c85c491"
            ],
            "version": "==0.6.2"
        },
        "docutils": {
            "hashes": [
                "sha256:6c4f696463b79f1fb8ba0c594b63840ebd41f059e92b31957c46b74a4599b6d0",
                "sha256:9e4d7ecfc600058e07ba661411a2b7de2fd0fafa17d1a7f7361cd47b1175c827",
                "sha256:a2aeea129088da402665e92e0b25b04b073c04b2dce4ab65caaa38b7ce2e1a99"
            ],
            "version": "==0.15.2"
        },
        "future": {
            "hashes": [
                "sha256:e39ced1ab767b5936646cedba8bcce582398233d6a627067d4c6a454c90cfedb"
            ],
            "version": "==0.16.0"
        },
        "idna": {
            "hashes": [
                "sha256:156a6814fb5ac1fc6850fb002e0852d56c0c8d2531923a51032d1b70760e186e",
                "sha256:684a38a6f903c1d71d6d5fac066b58d7768af4de2b832e426ec79c30daa94a16"
            ],
            "version": "==2.7"
        },
        "jmespath": {
            "hashes": [
                "sha256:b85d0567b8666149a93172712e68920734333c0ce7e89b78b3e987f71e5ed4f9",
                "sha256:cdf6525904cc597730141d61b36f2e4b8ecc257c420fa2f4549bac2c2d0cb72f"
            ],
            "version": "==0.10.0"
        },
        "jsonschema": {
            "hashes": [
                "sha256:4e5b3cf8216f577bee9ce139cbe72eca3ea4f292ec60928ff24758ce626cd163",
                "sha256:c8a85b28d377cc7737e46e2d9f2b4f44ee3c0e1deac6bf46ddefc7187d30797a"
            ],
            "version": "==3.2.0"
        },
        "libsass": {
            "hashes": [
                "sha256:107c409524c6a4ed14410fa9dafa9ee59c6bd3ecae75d73af749ab2b75685726",
                "sha256:3bc0d68778b30b5fa83199e18795314f64b26ca5871e026343e63934f616f7f7",
                "sha256:5c8ff562b233734fbc72b23bb862cc6a6f70b1e9bf85a58422aa75108b94783b",
                "sha256:74f6fb8da58179b5d86586bc045c16d93d55074bc7bb48b6354a4da7ac9f9dfd",
                "sha256:7555d9b24e79943cfafac44dbb4ca7e62105c038de7c6b999838c9ff7b88645d",
                "sha256:794f4f4661667263e7feafe5cc866e3746c7c8a9192b2aa9afffdadcbc91c687",
                "sha256:8cf72552b39e78a1852132e16b706406bc76029fe3001583284ece8d8752a60a",
                "sha256:98f6dee9850b29e62977a963e3beb3cfeb98b128a267d59d2c3d675e298c8d57",
                "sha256:a43f3830d83ad9a7f5013c05ce239ca71744d0780dad906587302ac5257bce60",
                "sha256:b077261a04ba1c213e932943208471972c5230222acb7fa97373e55a40872cbb",
                "sha256:b7452f1df274b166dc22ee2e9154c4adca619bcbbdf8041a7aa05f372a1dacbc",
                "sha256:e6a547c0aa731dcb4ed71f198e814bee0400ce04d553f3f12a53bc3a17f2a481",
                "sha256:fd19c8f73f70ffc6cbcca8139da08ea9a71fc48e7dfc4bb236ad88ab2d6558f1"
            ],
            "index": "pypi",
            "version": "==0.20.0"
        },
        "mailchimp3": {
            "hashes": [
                "sha256:17acf89fe23e2268bc0176857b71af7f9a89bbcad227888149ff8aeb83966907",
                "sha256:f027871a6b39cd1ec667c4fa0388e6a45ccd93f2d34989515b5cd4030d53fd70"
            ],
            "index": "pypi",
            "version": "==3.0.14"
        },
        "paramiko": {
            "hashes": [
                "sha256:4f3e316fef2ac628b05097a637af35685183111d4bc1b5979bd397c2ab7b5898",
                "sha256:7f36f4ba2c0d81d219f4595e35f70d56cc94f9ac40a6acdf51d6ca210ce65035"
            ],
            "version": "==2.7.2"
        },
        "pathspec": {
            "hashes": [
                "sha256:54a5eab895d89f342b52ba2bffe70930ef9f8d96e398cccf530d21fa0516a873"
            ],
            "version": "==0.5.9"
        },
        "pillow": {
            "hashes": [
                "sha256:0295442429645fa16d05bd567ef5cff178482439c9aad0411d3f0ce9b88b3a6f",
                "sha256:06aba4169e78c439d528fdeb34762c3b61a70813527a2c57f0540541e9f433a8",
                "sha256:09d7f9e64289cb40c2c8d7ad674b2ed6105f55dc3b09aa8e4918e20a0311e7ad",
                "sha256:0a80dd307a5d8440b0a08bd7b81617e04d870e40a3e46a32d9c246e54705e86f",
                "sha256:1ca594126d3c4def54babee699c055a913efb01e106c309fa6b04405d474d5ae",
                "sha256:25930fadde8019f374400f7986e8404c8b781ce519da27792cbe46eabec00c4d",
                "sha256:431b15cffbf949e89df2f7b48528be18b78bfa5177cb3036284a5508159492b5",
                "sha256:52125833b070791fcb5710fabc640fc1df07d087fc0c0f02d3661f76c23c5b8b",
                "sha256:5e51ee2b8114def244384eda1c82b10e307ad9778dac5c83fb0943775a653cd8",
                "sha256:612cfda94e9c8346f239bf1a4b082fdd5c8143cf82d685ba2dba76e7adeeb233",
                "sha256:6d7741e65835716ceea0fd13a7d0192961212fd59e741a46bbed7a473c634ed6",
                "sha256:6edb5446f44d901e8683ffb25ebdfc26988ee813da3bf91e12252b57ac163727",
                "sha256:725aa6cfc66ce2857d585f06e9519a1cc0ef6d13f186ff3447ab6dff0a09bc7f",
                "sha256:8dad18b69f710bf3a001d2bf3afab7c432785d94fcf819c16b5207b1cfd17d38",
                "sha256:94cf49723928eb6070a892cb39d6c156f7b5a2db4e8971cb958f7b6b104fb4c4",
                "sha256:97f9e7953a77d5a70f49b9a48da7776dc51e9b738151b22dacf101641594a626",
                "sha256:9ad7f865eebde135d526bb3163d0b23ffff365cf87e767c649550964ad72785d",
                "sha256:9c87ef410a58dd54b92424ffd7e28fd2ec65d2f7fc02b76f5e9b2067e355ebf6",
                "sha256:a060cf8aa332052df2158e5a119303965be92c3da6f2d93b6878f0ebca80b2f6",
                "sha256:c79f9c5fb846285f943aafeafda3358992d64f0ef58566e23484132ecd8d7d63",
                "sha256:c92302a33138409e8f1ad16731568c55c9053eee71bb05b6b744067e1b62380f",
                "sha256:d08b23fdb388c0715990cbc06866db554e1822c4bdcf6d4166cf30ac82df8c41",
                "sha256:d350f0f2c2421e65fbc62690f26b59b0bcda1b614beb318c81e38647e0f673a1",
                "sha256:e901964262a56d9ea3c2693df68bc9860b8bdda2b04768821e4c44ae797de117",
                "sha256:ec29604081f10f16a7aea809ad42e27764188fc258b02259a03a8ff7ded3808d",
                "sha256:edf31f1150778abd4322444c393ab9c7bd2af271dd4dafb4208fb613b1f3cdc9",
                "sha256:f7e30c27477dffc3e85c2463b3e649f751789e0f6c8456099eea7ddd53be4a8a",
                "sha256:ffe538682dc19cc542ae7c3e504fdf54ca7f86fb8a135e59dd6bc8627eae6cce"
            ],
            "index": "pypi",
            "version": "==7.2.0"
        },
        "psycopg2-binary": {
            "hashes": [
                "sha256:008da3ab51adc70a5f1cfbbe5db3a22607ab030eb44bcecf517ad11a0c2b3cac",
                "sha256:07cf82c870ec2d2ce94d18e70c13323c89f2f2a2628cbf1feee700630be2519a",
                "sha256:08507efbe532029adee21b8d4c999170a83760d38249936038bd0602327029b5",
                "sha256:107d9be3b614e52a192719c6bf32e8813030020ea1d1215daa86ded9a24d8b04",
                "sha256:17a0ea0b0eabf07035e5e0d520dabc7950aeb15a17c6d36128ba99b2721b25b1",
                "sha256:3286541b9d85a340ee4ed42732d15fc1bb441dc500c97243a768154ab8505bb5",
                "sha256:3939cf75fc89c5e9ed836e228c4a63604dff95ad19aed2bbf71d5d04c15ed5ce",
                "sha256:40abc319f7f26c042a11658bf3dd3b0b3bceccf883ec1c565d5c909a90204434",
                "sha256:51f7823f1b087d2020d8e8c9e6687473d3d239ba9afc162d9b2ab6e80b53f9f9",
                "sha256:6bb2dd006a46a4a4ce95201f836194eb6a1e863f69ee5bab506673e0ca767057",
                "sha256:702f09d8f77dc4794651f650828791af82f7c2efd8c91ae79e3d9fe4bb7d4c98",
                "sha256:7036ccf715925251fac969f4da9ad37e4b7e211b1e920860148a10c0de963522",
                "sha256:7b832d76cc65c092abd9505cc670c4e3421fd136fb6ea5b94efbe4c146572505",
                "sha256:8f74e631b67482d504d7e9cf364071fc5d54c28e79a093ff402d5f8f81e23bfa",
                "sha256:930315ac53dc65cbf52ab6b6d27422611f5fb461d763c531db229c7e1af6c0b3",
                "sha256:96d3038f5bd061401996614f65d27a4ecb62d843eb4f48e212e6d129171a721f",
                "sha256:a20299ee0ea2f9cca494396ac472d6e636745652a64a418b39522c120fd0a0a4",
                "sha256:a34826d6465c2e2bbe9d0605f944f19d2480589f89863ed5f091943be27c9de4",
                "sha256:a69970ee896e21db4c57e398646af9edc71c003bc52a3cc77fb150240fefd266",
                "sha256:b9a8b391c2b0321e0cd7ec6b4cfcc3dd6349347bd1207d48bcb752aa6c553a66",
                "sha256:ba13346ff6d3eb2dca0b6fa0d8a9d999eff3dcd9b55f3a890f12b0b6362b2b38",
                "sha256:bb0608694a91db1e230b4a314e8ed00ad07ed0c518f9a69b83af2717e31291a3",
                "sha256:c8830b7d5f16fd79d39b21e3d94f247219036b29b30c8270314c46bf8b732389",
                "sha256:cac918cd7c4c498a60f5d2a61d4f0a6091c2c9490d81bc805c963444032d0dab",
                "sha256:cc30cb900f42c8a246e2cb76539d9726f407330bc244ca7729c41a44e8d807fb",
                "sha256:ccdc6a87f32b491129ada4b87a43b1895cf2c20fdb7f98ad979647506ffc41b6",
                "sha256:d1a8b01f6a964fec702d6b6dac1f91f2b9f9fe41b310cbb16c7ef1fac82df06d",
                "sha256:e004db88e5a75e5fdab1620fb9f90c9598c2a195a594225ac4ed2a6f1c23e162",
                "sha256:eb2f43ae3037f1ef5e19339c41cf56947021ac892f668765cd65f8ab9814192e",
                "sha256:fa466306fcf6b39b8a61d003123d442b23707d635a5cb05ac4e1b62cc79105cd"
            ],
            "index": "pypi",
            "version": "==2.8.5"
        },
        "pycparser": {
            "hashes": [
                "sha256:2d475327684562c3a96cc71adf7dc8c4f0565175cf86b6d7a404ff4c771f15f0",
                "sha256:7582ad22678f0fcd81102833f60ef8d0e57288b6b5fb00323d101be910e35705"
            ],
            "version": "==2.20"
        },
        "pynacl": {
            "hashes": [
                "sha256:06cbb4d9b2c4bd3c8dc0d267416aaed79906e7b33f114ddbf0911969794b1cc4",
                "sha256:11335f09060af52c97137d4ac54285bcb7df0cef29014a1a4efe64ac065434c4",
                "sha256:2fe0fc5a2480361dcaf4e6e7cea00e078fcda07ba45f811b167e3f99e8cff574",
                "sha256:30f9b96db44e09b3304f9ea95079b1b7316b2b4f3744fe3aaecccd95d547063d",
                "sha256:4e10569f8cbed81cb7526ae137049759d2a8d57726d52c1a000a3ce366779634",
                "sha256:511d269ee845037b95c9781aa702f90ccc36036f95d0f31373a6a79bd8242e25",
                "sha256:537a7ccbea22905a0ab36ea58577b39d1fa9b1884869d173b5cf111f006f689f",
                "sha256:54e9a2c849c742006516ad56a88f5c74bf2ce92c9f67435187c3c5953b346505",
                "sha256:757250ddb3bff1eecd7e41e65f7f833a8405fede0194319f87899690624f2122",
                "sha256:7757ae33dae81c300487591c68790dfb5145c7d03324000433d9a2c141f82af7",
                "sha256:7c6092102219f59ff29788860ccb021e80fffd953920c4a8653889c029b2d420",
                "sha256:8122ba5f2a2169ca5da936b2e5a511740ffb73979381b4229d9188f6dcb22f1f",
                "sha256:9c4a7ea4fb81536c1b1f5cc44d54a296f96ae78c1ebd2311bd0b60be45a48d96",
                "sha256:c914f78da4953b33d4685e3cdc7ce63401247a21425c16a39760e282075ac4a6",
                "sha256:cd401ccbc2a249a47a3a1724c2918fcd04be1f7b54eb2a5a71ff915db0ac51c6",
                "sha256:d452a6746f0a7e11121e64625109bc4468fc3100452817001dbe018bb8b08514",
                "sha256:ea6841bc3a76fa4942ce00f3bda7d436fda21e2d91602b9e21b7ca9ecab8f3ff",
                "sha256:f8851ab9041756003119368c1e6cd0b9c631f46d686b3904b18c0139f4419f80"
            ],
            "version": "==1.4.0"
        },
        "pyrsistent": {
            "hashes": [
                "sha256:2e636185d9eb976a18a8a8e96efce62f2905fea90041958d8cc2a189756ebf3e"
            ],
            "version": "==0.17.3"
        },
        "python-dateutil": {
            "hashes": [
                "sha256:7e6584c74aeed623791615e26efd690f29817a27c73085b78e4bad02493df2fb",
                "sha256:c89805f6f4d64db21ed966fda138f8a5ed7a4fdbc1a8ee329ce1b74e3c74da9e"
            ],
            "index": "pypi",
            "version": "==2.8.0"
        },
        "pytz": {
            "hashes": [
                "sha256:a494d53b6d39c3c6e44c3bec237336e14305e4f29bbf800b599253057fbb79ed",
                "sha256:c35965d010ce31b23eeb663ed3cc8c906275d6be1a34393a1d73a41febf4a048"
            ],
            "version": "==2020.1"
        },
        "pyyaml": {
            "hashes": [
                "sha256:06a0d7ba600ce0b2d2fe2e78453a470b5a6e000a985dd4a4e54e436cc36b0e97",
                "sha256:240097ff019d7c70a4922b6869d8a86407758333f02203e0fc6ff79c5dcede76",
                "sha256:4f4b913ca1a7319b33cfb1369e91e50354d6f07a135f3b901aca02aa95940bd2",
                "sha256:69f00dca373f240f842b2931fb2c7e14ddbacd1397d57157a9b005a6a9942648",
                "sha256:73f099454b799e05e5ab51423c7bcf361c58d3206fa7b0d555426b1f4d9a3eaf",
                "sha256:74809a57b329d6cc0fdccee6318f44b9b8649961fa73144a98735b0aaf029f1f",
                "sha256:7739fc0fa8205b3ee8808aea45e968bc90082c10aef6ea95e855e10abf4a37b2",
                "sha256:95f71d2af0ff4227885f7a6605c37fd53d3a106fcab511b8860ecca9fcf400ee",
                "sha256:b8eac752c5e14d3eca0e6dd9199cd627518cb5ec06add0de9d32baeee6fe645d",
                "sha256:cc8955cfbfc7a115fa81d85284ee61147059a753344bc51098f3ccd69b0d7e0c",
                "sha256:d13155f591e6fcc1ec3b30685d50bf0711574e2c0dfffd7644babf8b5102ca1a"
            ],
            "version": "==5.3.1"
        },
        "requests": {
            "hashes": [
                "sha256:65b3a120e4329e33c9889db89c80976c5272f56ea92d3e74da8a463992e3ff54",
                "sha256:ea881206e59f41dbd0bd445437d792e43906703fff75ca8ff43ccdb11f33f263"
            ],
            "index": "pypi",
            "version": "==2.20.1"
        },
        "semantic-version": {
            "hashes": [
                "sha256:3baad35dcb074a49419539cea6a33b484706b6c2dd03f05b67763eba4c1bb65c",
                "sha256:75aa594dc3c8000102a35b92e0e21db7b88e083bcb95d0499dea8494b549c3f2"
            ],
            "version": "==2.5.0"
        },
        "six": {
            "hashes": [
                "sha256:70e8a77beed4562e7f14fe23a786b54f6296e34344c23bc42f07b15018ff98e9",
                "sha256:832dc0e10feb1aa2c68dcc57dbb658f1c7e65b9b61af69048abc87a2db00a0eb"
            ],
            "version": "==1.11.0"
        },
        "sqlparse": {
            "hashes": [
                "sha256:017cde379adbd6a1f15a61873f43e8274179378e95ef3fede90b5aa64d304ed0",
                "sha256:0f91fd2e829c44362cbcfab3e9ae12e22badaa8a29ad5ff599f9ec109f0454e8"
            ],
            "version": "==0.4.1"
        },
        "stripe": {
            "hashes": [
                "sha256:0c3c02c9b65644502a701d4ff939964799bd1a581fb3f8bf75a3f8675527ef48",
                "sha256:fa9872d0ef9ef57ead86621a9bd5869bdff4deb5d1dd9b66f65c5f7069015ee3"
            ],
            "index": "pypi",
            "version": "==2.50.0"
        },
        "termcolor": {
            "hashes": [
                "sha256:1d6d69ce66211143803fbc56652b41d73b4a400a2891d7bf7a1cdf4c02de613b"
            ],
            "version": "==1.1.0"
        },
        "texttable": {
            "hashes": [
                "sha256:ce0faf21aa77d806bbff22b107cc22cce68dc9438f97a2df32c93e9afa4ce436",
                "sha256:f802f2ef8459058736264210f716c757cbf85007a30886d8541aa8c3404f1dda"
            ],
            "version": "==1.6.3"
        },
        "urllib3": {
            "hashes": [
                "sha256:2393a695cd12afedd0dcb26fe5d50d0cf248e5a66f75dbd89a3d4eb333a61af4",
                "sha256:a637e5fae88995b256e3409dc4d52c2e2e0ba32c42a6365fee8bbd2238de3cfb"
            ],
            "markers": "python_version != '3.4'",
            "version": "==1.24.3"
        },
        "wcwidth": {
            "hashes": [
                "sha256:cafe2186b3c009a04067022ce1dcd79cb38d8d65ee4f4791b8888d6599d1bbe1",
                "sha256:ee73862862a156bf77ff92b09034fc4825dd3af9cf81bc5b360668d425f3c5f1"
            ],
            "version": "==0.1.9"
        },
        "websocket-client": {
            "hashes": [
                "sha256:0fc45c961324d79c781bab301359d5a1b00b13ad1b10415a4780229ef71a5549",
                "sha256:d735b91d6d1692a6a181f2a8c9e0238e5f6373356f561bb9dc4c7af36f452010"
            ],
            "version": "==0.57.0"
        }
    },
    "develop": {
        "appdirs": {
            "hashes": [
                "sha256:7d5d0167b2b1ba821647616af46a749d1c653740dd0d2415100fe26e27afdf41",
                "sha256:a841dacd6b99318a741b166adb07e19ee71a274450e68237b4650ca1055ab128"
            ],
            "version": "==1.4.4"
        },
        "astroid": {
            "hashes": [
                "sha256:2f4078c2a41bf377eea06d71c9d2ba4eb8f6b1af2135bec27bbbb7d8f12bb703",
                "sha256:bc58d83eb610252fd8de6363e39d4f1d0619c894b0ed24603b881c02e64c7386"
            ],
            "version": "==2.4.2"
        },
        "attrs": {
            "hashes": [
                "sha256:26b54ddbbb9ee1d34d5d3668dd37d6cf74990ab23c828c2888dccdceee395594",
                "sha256:fce7fc47dfc976152e82d53ff92fa0407700c21acd20886a13777a0d20e655dc"
            ],
            "version": "==20.2.0"
        },
        "black": {
            "hashes": [
                "sha256:1b30e59be925fafc1ee4565e5e08abef6b03fe455102883820fe5ee2e4734e0b",
                "sha256:c2edb73a08e9e0e6f65a0e6af18b059b8b1cdd5bef997d7a0b181df93dc81539"
            ],
            "index": "pypi",
            "version": "==19.10b0"
        },
        "click": {
            "hashes": [
                "sha256:d2b5255c7c6349bc1bd1e59e08cd12acbbd63ce649f2588755783aa94dfb6b1a",
                "sha256:dacca89f4bfadd5de3d7489b7c8a566eee0d3676333fbb50030263894c38c0dc"
            ],
            "version": "==7.1.2"
        },
        "isort": {
            "hashes": [
                "sha256:54da7e92468955c4fceacd0c86bd0ec997b0e1ee80d97f67c35a78b719dccab1",
                "sha256:6e811fcb295968434526407adb8796944f1988c5b65e8139058f2014cbe100fd"
            ],
            "version": "==4.3.21"
        },
        "lazy-object-proxy": {
            "hashes": [
                "sha256:0c4b206227a8097f05c4dbdd323c50edf81f15db3b8dc064d08c62d37e1a504d",
                "sha256:194d092e6f246b906e8f70884e620e459fc54db3259e60cf69a4d66c3fda3449",
                "sha256:1be7e4c9f96948003609aa6c974ae59830a6baecc5376c25c92d7d697e684c08",
                "sha256:4677f594e474c91da97f489fea5b7daa17b5517190899cf213697e48d3902f5a",
                "sha256:48dab84ebd4831077b150572aec802f303117c8cc5c871e182447281ebf3ac50",
                "sha256:5541cada25cd173702dbd99f8e22434105456314462326f06dba3e180f203dfd",
                "sha256:59f79fef100b09564bc2df42ea2d8d21a64fdcda64979c0fa3db7bdaabaf6239",
                "sha256:8d859b89baf8ef7f8bc6b00aa20316483d67f0b1cbf422f5b4dc56701c8f2ffb",
                "sha256:9254f4358b9b541e3441b007a0ea0764b9d056afdeafc1a5569eee1cc6c1b9ea",
                "sha256:9651375199045a358eb6741df3e02a651e0330be090b3bc79f6d0de31a80ec3e",
                "sha256:97bb5884f6f1cdce0099f86b907aa41c970c3c672ac8b9c8352789e103cf3156",
                "sha256:9b15f3f4c0f35727d3a0fba4b770b3c4ebbb1fa907dbcc046a1d2799f3edd142",
                "sha256:a2238e9d1bb71a56cd710611a1614d1194dc10a175c1e08d75e1a7bcc250d442",
                "sha256:a6ae12d08c0bf9909ce12385803a543bfe99b95fe01e752536a60af2b7797c62",
                "sha256:ca0a928a3ddbc5725be2dd1cf895ec0a254798915fb3a36af0964a0a4149e3db",
                "sha256:cb2c7c57005a6804ab66f106ceb8482da55f5314b7fcb06551db1edae4ad1531",
                "sha256:d74bb8693bf9cf75ac3b47a54d716bbb1a92648d5f781fc799347cfc95952383",
                "sha256:d945239a5639b3ff35b70a88c5f2f491913eb94871780ebfabb2568bd58afc5a",
                "sha256:eba7011090323c1dadf18b3b689845fd96a61ba0a1dfbd7f24b921398affc357",
                "sha256:efa1909120ce98bbb3777e8b6f92237f5d5c8ea6758efea36a473e1d38f7d3e4",
                "sha256:f3900e8a5de27447acbf900b4750b0ddfd7ec1ea7fbaf11dfa911141bc522af0"
            ],
            "version": "==1.4.3"
        },
        "mccabe": {
            "hashes": [
                "sha256:ab8a6258860da4b6677da4bd2fe5dc2c659cff31b3ee4f7f5d64e79735b80d42",
                "sha256:dd8d182285a0fe56bace7f45b5e7d1a6ebcbf524e8f3bd87eb0f125271b8831f"
            ],
            "version": "==0.6.1"
        },
        "pathspec": {
            "hashes": [
                "sha256:54a5eab895d89f342b52ba2bffe70930ef9f8d96e398cccf530d21fa0516a873"
            ],
            "version": "==0.5.9"
        },
        "pylint": {
            "hashes": [
                "sha256:7dd78437f2d8d019717dbf287772d0b2dbdfd13fc016aa7faa08d67bccc46adc",
                "sha256:d0ece7d223fe422088b0e8f13fa0a1e8eb745ebffcb8ed53d3e95394b6101a1c"
            ],
            "index": "pypi",
            "version": "==2.5.3"
        },
        "regex": {
            "hashes": [
                "sha256:0cb23ed0e327c18fb7eac61ebbb3180ebafed5b9b86ca2e15438201e5903b5dd",
                "sha256:1a065e7a6a1b4aa851a0efa1a2579eabc765246b8b3a5fd74000aaa3134b8b4e",
                "sha256:1a511470db3aa97432ac8c1bf014fcc6c9fbfd0f4b1313024d342549cf86bcd6",
                "sha256:1c447b0d108cddc69036b1b3910fac159f2b51fdeec7f13872e059b7bc932be1",
                "sha256:2278453c6a76280b38855a263198961938108ea2333ee145c5168c36b8e2b376",
                "sha256:240509721a663836b611fa13ca1843079fc52d0b91ef3f92d9bba8da12e768a0",
                "sha256:4e21340c07090ddc8c16deebfd82eb9c9e1ec5e62f57bb86194a2595fd7b46e0",
                "sha256:570e916a44a361d4e85f355aacd90e9113319c78ce3c2d098d2ddf9631b34505",
                "sha256:59d5c6302d22c16d59611a9fd53556554010db1d47e9df5df37be05007bebe75",
                "sha256:6a46eba253cedcbe8a6469f881f014f0a98819d99d341461630885139850e281",
                "sha256:6f567df0601e9c7434958143aebea47a9c4b45434ea0ae0286a4ec19e9877169",
                "sha256:781906e45ef1d10a0ed9ec8ab83a09b5e0d742de70e627b20d61ccb1b1d3964d",
                "sha256:8469377a437dbc31e480993399fd1fd15fe26f382dc04c51c9cb73e42965cc06",
                "sha256:8cd0d587aaac74194ad3e68029124c06245acaeddaae14cb45844e5c9bebeea4",
                "sha256:97a023f97cddf00831ba04886d1596ef10f59b93df7f855856f037190936e868",
                "sha256:a973d5a7a324e2a5230ad7c43f5e1383cac51ef4903bf274936a5634b724b531",
                "sha256:af360e62a9790e0a96bc9ac845d87bfa0e4ee0ee68547ae8b5a9c1030517dbef",
                "sha256:b706c70070eea03411b1761fff3a2675da28d042a1ab7d0863b3efe1faa125c9",
                "sha256:bfd7a9fddd11d116a58b62ee6c502fd24cfe22a4792261f258f886aa41c2a899",
                "sha256:c30d8766a055c22e39dd7e1a4f98f6266169f2de05db737efe509c2fb9c8a3c8",
                "sha256:c53dc8ee3bb7b7e28ee9feb996a0c999137be6c1d3b02cb6b3c4cba4f9e5ed09",
                "sha256:c95d514093b80e5309bdca5dd99e51bcf82c44043b57c34594d9d7556bd04d05",
                "sha256:d43cf21df524283daa80ecad551c306b7f52881c8d0fe4e3e76a96b626b6d8d8",
                "sha256:d62205f00f461fe8b24ade07499454a3b7adf3def1225e258b994e2215fd15c5",
                "sha256:e289a857dca3b35d3615c3a6a438622e20d1bf0abcb82c57d866c8d0be3f44c4",
                "sha256:e5f6aa56dda92472e9d6f7b1e6331f4e2d51a67caafff4d4c5121cadac03941e",
                "sha256:f4b1c65ee86bfbf7d0c3dfd90592a9e3d6e9ecd36c367c884094c050d4c35d04"
            ],
            "version": "==2020.10.23"
        },
        "six": {
            "hashes": [
                "sha256:70e8a77beed4562e7f14fe23a786b54f6296e34344c23bc42f07b15018ff98e9",
                "sha256:832dc0e10feb1aa2c68dcc57dbb658f1c7e65b9b61af69048abc87a2db00a0eb"
            ],
            "version": "==1.11.0"
        },
        "toml": {
            "hashes": [
                "sha256:926b612be1e5ce0634a2ca03470f95169cf16f939018233a670519cb4ac58b0f",
                "sha256:bda89d5935c2eac546d648028b9901107a595863cb36bae0c73ac804a9b4ce88"
            ],
            "version": "==0.10.1"
        },
        "typed-ast": {
            "hashes": [
                "sha256:0666aa36131496aed8f7be0410ff974562ab7eeac11ef351def9ea6fa28f6355",
                "sha256:0c2c07682d61a629b68433afb159376e24e5b2fd4641d35424e462169c0a7919",
                "sha256:0d8110d78a5736e16e26213114a38ca35cb15b6515d535413b090bd50951556d",
                "sha256:249862707802d40f7f29f6e1aad8d84b5aa9e44552d2cc17384b209f091276aa",
                "sha256:24995c843eb0ad11a4527b026b4dde3da70e1f2d8806c99b7b4a7cf491612652",
                "sha256:269151951236b0f9a6f04015a9004084a5ab0d5f19b57de779f908621e7d8b75",
                "sha256:3742b32cf1c6ef124d57f95be609c473d7ec4c14d0090e5a5e05a15269fb4d0c",
                "sha256:4083861b0aa07990b619bd7ddc365eb7fa4b817e99cf5f8d9cf21a42780f6e01",
                "sha256:498b0f36cc7054c1fead3d7fc59d2150f4d5c6c56ba7fb150c013fbc683a8d2d",
                "sha256:4e3e5da80ccbebfff202a67bf900d081906c358ccc3d5e3c8aea42fdfdfd51c1",
                "sha256:6daac9731f172c2a22ade6ed0c00197ee7cc1221aa84cfdf9c31defeb059a907",
                "sha256:715ff2f2df46121071622063fc7543d9b1fd19ebfc4f5c8895af64a77a8c852c",
                "sha256:73d785a950fc82dd2a25897d525d003f6378d1cb23ab305578394694202a58c3",
                "sha256:8c8aaad94455178e3187ab22c8b01a3837f8ee50e09cf31f1ba129eb293ec30b",
                "sha256:8ce678dbaf790dbdb3eba24056d5364fb45944f33553dd5869b7580cdbb83614",
                "sha256:92c325624e304ebf0e025d1224b77dd4e6393f18aab8d829b5b7e04afe9b7a2c",
                "sha256:aaee9905aee35ba5905cfb3c62f3e83b3bec7b39413f0a7f19be4e547ea01ebb",
                "sha256:b52ccf7cfe4ce2a1064b18594381bccf4179c2ecf7f513134ec2f993dd4ab395",
                "sha256:bcd3b13b56ea479b3650b82cabd6b5343a625b0ced5429e4ccad28a8973f301b",
                "sha256:c9e348e02e4d2b4a8b2eedb48210430658df6951fa484e59de33ff773fbd4b41",
                "sha256:d205b1b46085271b4e15f670058ce182bd1199e56b317bf2ec004b6a44f911f6",
                "sha256:d43943ef777f9a1c42bf4e552ba23ac77a6351de620aa9acf64ad54933ad4d34",
                "sha256:d5d33e9e7af3b34a40dc05f498939f0ebf187f07c385fd58d591c533ad8562fe",
                "sha256:d648b8e3bf2fe648745c8ffcee3db3ff903d0817a01a12dd6a6ea7a8f4889072",
                "sha256:fac11badff8313e23717f3dada86a15389d0708275bddf766cca67a84ead3e91",
                "sha256:fc0fea399acb12edbf8a628ba8d2312f583bdbdb3335635db062fa98cf71fca4",
                "sha256:fe460b922ec15dd205595c9b5b99e2f056fd98ae8f9f56b888e7a17dc2b757e7"
            ],
            "version": "==1.4.1"
        },
        "wrapt": {
            "hashes": [
                "sha256:b62ffa81fb85f4332a4f609cab4ac40709470da05643a082ec1eb88e6d9b97d7"
            ],
            "version": "==1.12.1"
        }
    }
}
